// !$*UTF8*$!
{
	archiveVersion = 1;
	classes = {
	};
	objectVersion = 55;
	objects = {

/* Begin PBXBuildFile section */
		33B9266628CB21F2002506F3 /* GainyDriveWealth.docc in Sources */ = {isa = PBXBuildFile; fileRef = 33B9266528CB21F2002506F3 /* GainyDriveWealth.docc */; };
		33B9266728CB21F2002506F3 /* GainyDriveWealth.h in Headers */ = {isa = PBXBuildFile; fileRef = 33B9266428CB21F2002506F3 /* GainyDriveWealth.h */; settings = {ATTRIBUTES = (Public, ); }; };
		33B9267E28CB22C6002506F3 /* KYC.storyboard in Resources */ = {isa = PBXBuildFile; fileRef = 33B9267D28CB22C6002506F3 /* KYC.storyboard */; };
		33B9268128CB2BA4002506F3 /* KYCMainViewController.swift in Sources */ = {isa = PBXBuildFile; fileRef = 33B9268028CB2BA4002506F3 /* KYCMainViewController.swift */; };
		33B9268328CB2E60002506F3 /* KYCNotifyViewController.swift in Sources */ = {isa = PBXBuildFile; fileRef = 33B9268228CB2E60002506F3 /* KYCNotifyViewController.swift */; };
		85667E4528F47B5B00B735CD /* CountryCell.swift in Sources */ = {isa = PBXBuildFile; fileRef = 85667E4328F47B5A00B735CD /* CountryCell.swift */; };
		85667E4628F47B5B00B735CD /* CountryCell.xib in Resources */ = {isa = PBXBuildFile; fileRef = 85667E4428F47B5A00B735CD /* CountryCell.xib */; };
		85667E7228F6CE8900B735CD /* KYCHowMuchDepositViewController.swift in Sources */ = {isa = PBXBuildFile; fileRef = 85667E6B28F6CE8800B735CD /* KYCHowMuchDepositViewController.swift */; };
		85667E7328F6CE8900B735CD /* KYCPasscodeViewController.swift in Sources */ = {isa = PBXBuildFile; fileRef = 85667E6C28F6CE8800B735CD /* KYCPasscodeViewController.swift */; };
		85667E7428F6CE8900B735CD /* KYCEmailViewController.swift in Sources */ = {isa = PBXBuildFile; fileRef = 85667E6D28F6CE8900B735CD /* KYCEmailViewController.swift */; };
		85667E7528F6CE8900B735CD /* KYCFaceIDViewController.swift in Sources */ = {isa = PBXBuildFile; fileRef = 85667E6E28F6CE8900B735CD /* KYCFaceIDViewController.swift */; };
		85667E7628F6CE8900B735CD /* KYCPhoneViewController.swift in Sources */ = {isa = PBXBuildFile; fileRef = 85667E6F28F6CE8900B735CD /* KYCPhoneViewController.swift */; };
		85667E7728F6CE8900B735CD /* KYCConnectPaymentMethodViewController.swift in Sources */ = {isa = PBXBuildFile; fileRef = 85667E7028F6CE8900B735CD /* KYCConnectPaymentMethodViewController.swift */; };
		85667E7828F6CE8900B735CD /* KYCVerifyPhoneViewController.swift in Sources */ = {isa = PBXBuildFile; fileRef = 85667E7128F6CE8900B735CD /* KYCVerifyPhoneViewController.swift */; };
		8574C41F28F8BBC700D79EB7 /* KYCStateSearchViewController.swift in Sources */ = {isa = PBXBuildFile; fileRef = 8574C41C28F8BBC500D79EB7 /* KYCStateSearchViewController.swift */; };
		8574C42028F8BBC700D79EB7 /* StateCell.swift in Sources */ = {isa = PBXBuildFile; fileRef = 8574C41D28F8BBC500D79EB7 /* StateCell.swift */; };
		8574C42128F8BBC700D79EB7 /* StateCell.xib in Resources */ = {isa = PBXBuildFile; fileRef = 8574C41E28F8BBC500D79EB7 /* StateCell.xib */; };
		85EA6EDF28F3B4CA0015C280 /* DriveWealthCoordinator+KYC.swift in Sources */ = {isa = PBXBuildFile; fileRef = 85EA6EDE28F3B4C80015C280 /* DriveWealthCoordinator+KYC.swift */; };
		85EA6EE128F42EBD0015C280 /* KYCCountrySelectorViewController.swift in Sources */ = {isa = PBXBuildFile; fileRef = 85EA6EE028F42EBD0015C280 /* KYCCountrySelectorViewController.swift */; };
		85EA6EE328F437940015C280 /* KYCCountrySearchViewController.swift in Sources */ = {isa = PBXBuildFile; fileRef = 85EA6EE228F437930015C280 /* KYCCountrySearchViewController.swift */; };
		85EA6EE628F441480015C280 /* SwiftHEXColors in Frameworks */ = {isa = PBXBuildFile; productRef = 85EA6EE528F441480015C280 /* SwiftHEXColors */; };
		85EA6EE928F463D50015C280 /* CountryKit in Frameworks */ = {isa = PBXBuildFile; productRef = 85EA6EE828F463D50015C280 /* CountryKit */; };
		85FA56BA28FD560800A1AEBE /* SingleRowCell.xib in Resources */ = {isa = PBXBuildFile; fileRef = 85FA56B728FD560700A1AEBE /* SingleRowCell.xib */; };
		85FA56BB28FD560800A1AEBE /* SingleRowCell.swift in Sources */ = {isa = PBXBuildFile; fileRef = 85FA56B828FD560700A1AEBE /* SingleRowCell.swift */; };
		85FA56BC28FD560800A1AEBE /* KYCYourEmploymentViewController.swift in Sources */ = {isa = PBXBuildFile; fileRef = 85FA56B928FD560700A1AEBE /* KYCYourEmploymentViewController.swift */; };
		85FA56C628FD796300A1AEBE /* KYCYourCompanyViewController.swift in Sources */ = {isa = PBXBuildFile; fileRef = 85FA56BD28FD796200A1AEBE /* KYCYourCompanyViewController.swift */; };
		85FA56C728FD796300A1AEBE /* CompanyTypeSearchCell.swift in Sources */ = {isa = PBXBuildFile; fileRef = 85FA56BF28FD796200A1AEBE /* CompanyTypeSearchCell.swift */; };
		85FA56C828FD796300A1AEBE /* KYCCompanyTypeSearchViewController.swift in Sources */ = {isa = PBXBuildFile; fileRef = 85FA56C028FD796200A1AEBE /* KYCCompanyTypeSearchViewController.swift */; };
		85FA56C928FD796300A1AEBE /* CompanyTypeSearchCell.xib in Resources */ = {isa = PBXBuildFile; fileRef = 85FA56C128FD796200A1AEBE /* CompanyTypeSearchCell.xib */; };
		85FA56CA28FD796300A1AEBE /* CompanyPositionSearchCell.swift in Sources */ = {isa = PBXBuildFile; fileRef = 85FA56C328FD796300A1AEBE /* CompanyPositionSearchCell.swift */; };
		85FA56CB28FD796300A1AEBE /* KYCCompanyPositionSearchViewController.swift in Sources */ = {isa = PBXBuildFile; fileRef = 85FA56C428FD796300A1AEBE /* KYCCompanyPositionSearchViewController.swift */; };
		85FA56CC28FD796300A1AEBE /* CompanyPositionSearchCell.xib in Resources */ = {isa = PBXBuildFile; fileRef = 85FA56C528FD796300A1AEBE /* CompanyPositionSearchCell.xib */; };
		85FA56CE28FD89CC00A1AEBE /* KYCSourceOfFoundsViewController.swift in Sources */ = {isa = PBXBuildFile; fileRef = 85FA56CD28FD89CC00A1AEBE /* KYCSourceOfFoundsViewController.swift */; };
		85FA56D128FD8F2000A1AEBE /* KYCAdditionalQuestionsViewController.swift in Sources */ = {isa = PBXBuildFile; fileRef = 85FA56CF28FD8F2000A1AEBE /* KYCAdditionalQuestionsViewController.swift */; };
		85FA56D228FD8F2000A1AEBE /* KYCInvestmentProfileViewController.swift in Sources */ = {isa = PBXBuildFile; fileRef = 85FA56D028FD8F2000A1AEBE /* KYCInvestmentProfileViewController.swift */; };
		85FF513128F727CA0046932E /* PhoneNumberKit in Frameworks */ = {isa = PBXBuildFile; productRef = 85FF513028F727CA0046932E /* PhoneNumberKit */; };
		85FF514828F85DD10046932E /* KYCResidentalAddressViewController.swift in Sources */ = {isa = PBXBuildFile; fileRef = 85FF514528F85DD00046932E /* KYCResidentalAddressViewController.swift */; };
		85FF514928F85DD10046932E /* KYCSocialSecurityNumberViewController.swift in Sources */ = {isa = PBXBuildFile; fileRef = 85FF514628F85DD00046932E /* KYCSocialSecurityNumberViewController.swift */; };
		85FF514A28F85DD10046932E /* KYCLegalNameViewController.swift in Sources */ = {isa = PBXBuildFile; fileRef = 85FF514728F85DD10046932E /* KYCLegalNameViewController.swift */; };
		9008729E28CE839600AFBB38 /* DWStoryboarded.swift in Sources */ = {isa = PBXBuildFile; fileRef = 9008729D28CE839600AFBB38 /* DWStoryboarded.swift */; };
		900872A128CE840600AFBB38 /* DriveWealthCoordinator.swift in Sources */ = {isa = PBXBuildFile; fileRef = 900872A028CE840600AFBB38 /* DriveWealthCoordinator.swift */; };
		900872A428CE852800AFBB38 /* DWBaseViewController.swift in Sources */ = {isa = PBXBuildFile; fileRef = 900872A328CE852800AFBB38 /* DWBaseViewController.swift */; };
		904D198D28D85776009417E9 /* DWDepositInputReviewViewController.swift in Sources */ = {isa = PBXBuildFile; fileRef = 904D198C28D85776009417E9 /* DWDepositInputReviewViewController.swift */; };
		904D198F28D85881009417E9 /* DriveWealthCoordinator+Deposit.swift in Sources */ = {isa = PBXBuildFile; fileRef = 904D198E28D85881009417E9 /* DriveWealthCoordinator+Deposit.swift */; };
		904D199228D887D6009417E9 /* Images.xcassets in Resources */ = {isa = PBXBuildFile; fileRef = 904D199128D887D6009417E9 /* Images.xcassets */; };
		904D199428D8893F009417E9 /* DWDepositInputDoneViewController.swift in Sources */ = {isa = PBXBuildFile; fileRef = 904D199328D8893F009417E9 /* DWDepositInputDoneViewController.swift */; };
		90564DC229029389001FCE89 /* Apollo in Frameworks */ = {isa = PBXBuildFile; productRef = 90564DC129029389001FCE89 /* Apollo */; };
		907A70482901E7EB008AC753 /* DWAPI.swift in Sources */ = {isa = PBXBuildFile; fileRef = 907A70472901E7EB008AC753 /* DWAPI.swift */; };
		90A8CF7328EC6FC700078A36 /* GainyCommon.framework in Frameworks */ = {isa = PBXBuildFile; fileRef = 904BB1C628EC5EAB001D43C8 /* GainyCommon.framework */; settings = {ATTRIBUTES = (Weak, ); }; };
		90A8CF7A28ED8B6000078A36 /* DWOrderOverviewController.swift in Sources */ = {isa = PBXBuildFile; fileRef = 90A8CF7928ED8B6000078A36 /* DWOrderOverviewController.swift */; };
		90A8CF7C28ED8DC200078A36 /* DWOrderInvestSpaceViewController.swift in Sources */ = {isa = PBXBuildFile; fileRef = 90A8CF7B28ED8DC200078A36 /* DWOrderInvestSpaceViewController.swift */; };
		90A8CF8228ED8EBF00078A36 /* DWOrderInputViewController.swift in Sources */ = {isa = PBXBuildFile; fileRef = 90A8CF8128ED8EBF00078A36 /* DWOrderInputViewController.swift */; };
		90E8347928ED966E00F47D68 /* DWOrderDetailsViewController.swift in Sources */ = {isa = PBXBuildFile; fileRef = 90E8347828ED966E00F47D68 /* DWOrderDetailsViewController.swift */; };
		90EA52A628D4554400AE6871 /* Deposit.storyboard in Resources */ = {isa = PBXBuildFile; fileRef = 90EA52A528D4554400AE6871 /* Deposit.storyboard */; };
		90EA52A928D456C300AE6871 /* DWDepositInputViewController.swift in Sources */ = {isa = PBXBuildFile; fileRef = 90EA52A828D456C300AE6871 /* DWDepositInputViewController.swift */; };
		90EA52AB28D4571A00AE6871 /* DriveWealthFactory.swift in Sources */ = {isa = PBXBuildFile; fileRef = 90EA52AA28D4571A00AE6871 /* DriveWealthFactory.swift */; };
		90EF6C5029028DA3003BDBD8 /* GainyAPI.framework in Frameworks */ = {isa = PBXBuildFile; fileRef = 90EF6C4F29028DA3003BDBD8 /* GainyAPI.framework */; settings = {ATTRIBUTES = (Weak, ); }; };
/* End PBXBuildFile section */

/* Begin PBXFileReference section */
		33B9266128CB21F2002506F3 /* GainyDriveWealth.framework */ = {isa = PBXFileReference; explicitFileType = wrapper.framework; includeInIndex = 0; path = GainyDriveWealth.framework; sourceTree = BUILT_PRODUCTS_DIR; };
		33B9266428CB21F2002506F3 /* GainyDriveWealth.h */ = {isa = PBXFileReference; lastKnownFileType = sourcecode.c.h; path = GainyDriveWealth.h; sourceTree = "<group>"; };
		33B9266528CB21F2002506F3 /* GainyDriveWealth.docc */ = {isa = PBXFileReference; lastKnownFileType = folder.documentationcatalog; path = GainyDriveWealth.docc; sourceTree = "<group>"; };
		33B9267D28CB22C6002506F3 /* KYC.storyboard */ = {isa = PBXFileReference; lastKnownFileType = file.storyboard; path = KYC.storyboard; sourceTree = "<group>"; };
		33B9268028CB2BA4002506F3 /* KYCMainViewController.swift */ = {isa = PBXFileReference; lastKnownFileType = sourcecode.swift; path = KYCMainViewController.swift; sourceTree = "<group>"; };
		33B9268228CB2E60002506F3 /* KYCNotifyViewController.swift */ = {isa = PBXFileReference; lastKnownFileType = sourcecode.swift; path = KYCNotifyViewController.swift; sourceTree = "<group>"; };
		85667E4328F47B5A00B735CD /* CountryCell.swift */ = {isa = PBXFileReference; fileEncoding = 4; lastKnownFileType = sourcecode.swift; path = CountryCell.swift; sourceTree = "<group>"; };
		85667E4428F47B5A00B735CD /* CountryCell.xib */ = {isa = PBXFileReference; fileEncoding = 4; lastKnownFileType = file.xib; path = CountryCell.xib; sourceTree = "<group>"; };
		85667E6B28F6CE8800B735CD /* KYCHowMuchDepositViewController.swift */ = {isa = PBXFileReference; fileEncoding = 4; lastKnownFileType = sourcecode.swift; path = KYCHowMuchDepositViewController.swift; sourceTree = "<group>"; };
		85667E6C28F6CE8800B735CD /* KYCPasscodeViewController.swift */ = {isa = PBXFileReference; fileEncoding = 4; lastKnownFileType = sourcecode.swift; path = KYCPasscodeViewController.swift; sourceTree = "<group>"; };
		85667E6D28F6CE8900B735CD /* KYCEmailViewController.swift */ = {isa = PBXFileReference; fileEncoding = 4; lastKnownFileType = sourcecode.swift; path = KYCEmailViewController.swift; sourceTree = "<group>"; };
		85667E6E28F6CE8900B735CD /* KYCFaceIDViewController.swift */ = {isa = PBXFileReference; fileEncoding = 4; lastKnownFileType = sourcecode.swift; path = KYCFaceIDViewController.swift; sourceTree = "<group>"; };
		85667E6F28F6CE8900B735CD /* KYCPhoneViewController.swift */ = {isa = PBXFileReference; fileEncoding = 4; lastKnownFileType = sourcecode.swift; path = KYCPhoneViewController.swift; sourceTree = "<group>"; };
		85667E7028F6CE8900B735CD /* KYCConnectPaymentMethodViewController.swift */ = {isa = PBXFileReference; fileEncoding = 4; lastKnownFileType = sourcecode.swift; path = KYCConnectPaymentMethodViewController.swift; sourceTree = "<group>"; };
		85667E7128F6CE8900B735CD /* KYCVerifyPhoneViewController.swift */ = {isa = PBXFileReference; fileEncoding = 4; lastKnownFileType = sourcecode.swift; path = KYCVerifyPhoneViewController.swift; sourceTree = "<group>"; };
		8574C41C28F8BBC500D79EB7 /* KYCStateSearchViewController.swift */ = {isa = PBXFileReference; fileEncoding = 4; lastKnownFileType = sourcecode.swift; path = KYCStateSearchViewController.swift; sourceTree = "<group>"; };
		8574C41D28F8BBC500D79EB7 /* StateCell.swift */ = {isa = PBXFileReference; fileEncoding = 4; lastKnownFileType = sourcecode.swift; path = StateCell.swift; sourceTree = "<group>"; };
		8574C41E28F8BBC500D79EB7 /* StateCell.xib */ = {isa = PBXFileReference; fileEncoding = 4; lastKnownFileType = file.xib; path = StateCell.xib; sourceTree = "<group>"; };
		85EA6EDE28F3B4C80015C280 /* DriveWealthCoordinator+KYC.swift */ = {isa = PBXFileReference; fileEncoding = 4; lastKnownFileType = sourcecode.swift; path = "DriveWealthCoordinator+KYC.swift"; sourceTree = "<group>"; };
		85EA6EE028F42EBD0015C280 /* KYCCountrySelectorViewController.swift */ = {isa = PBXFileReference; fileEncoding = 4; lastKnownFileType = sourcecode.swift; path = KYCCountrySelectorViewController.swift; sourceTree = "<group>"; };
		85EA6EE228F437930015C280 /* KYCCountrySearchViewController.swift */ = {isa = PBXFileReference; fileEncoding = 4; lastKnownFileType = sourcecode.swift; path = KYCCountrySearchViewController.swift; sourceTree = "<group>"; };
		85FA56B728FD560700A1AEBE /* SingleRowCell.xib */ = {isa = PBXFileReference; fileEncoding = 4; lastKnownFileType = file.xib; path = SingleRowCell.xib; sourceTree = "<group>"; };
		85FA56B828FD560700A1AEBE /* SingleRowCell.swift */ = {isa = PBXFileReference; fileEncoding = 4; lastKnownFileType = sourcecode.swift; path = SingleRowCell.swift; sourceTree = "<group>"; };
		85FA56B928FD560700A1AEBE /* KYCYourEmploymentViewController.swift */ = {isa = PBXFileReference; fileEncoding = 4; lastKnownFileType = sourcecode.swift; path = KYCYourEmploymentViewController.swift; sourceTree = "<group>"; };
		85FA56BD28FD796200A1AEBE /* KYCYourCompanyViewController.swift */ = {isa = PBXFileReference; fileEncoding = 4; lastKnownFileType = sourcecode.swift; path = KYCYourCompanyViewController.swift; sourceTree = "<group>"; };
		85FA56BF28FD796200A1AEBE /* CompanyTypeSearchCell.swift */ = {isa = PBXFileReference; fileEncoding = 4; lastKnownFileType = sourcecode.swift; path = CompanyTypeSearchCell.swift; sourceTree = "<group>"; };
		85FA56C028FD796200A1AEBE /* KYCCompanyTypeSearchViewController.swift */ = {isa = PBXFileReference; fileEncoding = 4; lastKnownFileType = sourcecode.swift; path = KYCCompanyTypeSearchViewController.swift; sourceTree = "<group>"; };
		85FA56C128FD796200A1AEBE /* CompanyTypeSearchCell.xib */ = {isa = PBXFileReference; fileEncoding = 4; lastKnownFileType = file.xib; path = CompanyTypeSearchCell.xib; sourceTree = "<group>"; };
		85FA56C328FD796300A1AEBE /* CompanyPositionSearchCell.swift */ = {isa = PBXFileReference; fileEncoding = 4; lastKnownFileType = sourcecode.swift; path = CompanyPositionSearchCell.swift; sourceTree = "<group>"; };
		85FA56C428FD796300A1AEBE /* KYCCompanyPositionSearchViewController.swift */ = {isa = PBXFileReference; fileEncoding = 4; lastKnownFileType = sourcecode.swift; path = KYCCompanyPositionSearchViewController.swift; sourceTree = "<group>"; };
		85FA56C528FD796300A1AEBE /* CompanyPositionSearchCell.xib */ = {isa = PBXFileReference; fileEncoding = 4; lastKnownFileType = file.xib; path = CompanyPositionSearchCell.xib; sourceTree = "<group>"; };
		85FA56CD28FD89CC00A1AEBE /* KYCSourceOfFoundsViewController.swift */ = {isa = PBXFileReference; fileEncoding = 4; lastKnownFileType = sourcecode.swift; path = KYCSourceOfFoundsViewController.swift; sourceTree = "<group>"; };
		85FA56CF28FD8F2000A1AEBE /* KYCAdditionalQuestionsViewController.swift */ = {isa = PBXFileReference; fileEncoding = 4; lastKnownFileType = sourcecode.swift; path = KYCAdditionalQuestionsViewController.swift; sourceTree = "<group>"; };
		85FA56D028FD8F2000A1AEBE /* KYCInvestmentProfileViewController.swift */ = {isa = PBXFileReference; fileEncoding = 4; lastKnownFileType = sourcecode.swift; path = KYCInvestmentProfileViewController.swift; sourceTree = "<group>"; };
		85FF514528F85DD00046932E /* KYCResidentalAddressViewController.swift */ = {isa = PBXFileReference; fileEncoding = 4; lastKnownFileType = sourcecode.swift; path = KYCResidentalAddressViewController.swift; sourceTree = "<group>"; };
		85FF514628F85DD00046932E /* KYCSocialSecurityNumberViewController.swift */ = {isa = PBXFileReference; fileEncoding = 4; lastKnownFileType = sourcecode.swift; path = KYCSocialSecurityNumberViewController.swift; sourceTree = "<group>"; };
		85FF514728F85DD10046932E /* KYCLegalNameViewController.swift */ = {isa = PBXFileReference; fileEncoding = 4; lastKnownFileType = sourcecode.swift; path = KYCLegalNameViewController.swift; sourceTree = "<group>"; };
		9008729D28CE839600AFBB38 /* DWStoryboarded.swift */ = {isa = PBXFileReference; lastKnownFileType = sourcecode.swift; path = DWStoryboarded.swift; sourceTree = "<group>"; };
		900872A028CE840600AFBB38 /* DriveWealthCoordinator.swift */ = {isa = PBXFileReference; lastKnownFileType = sourcecode.swift; path = DriveWealthCoordinator.swift; sourceTree = "<group>"; };
		900872A328CE852800AFBB38 /* DWBaseViewController.swift */ = {isa = PBXFileReference; lastKnownFileType = sourcecode.swift; path = DWBaseViewController.swift; sourceTree = "<group>"; };
		904BB1C628EC5EAB001D43C8 /* GainyCommon.framework */ = {isa = PBXFileReference; explicitFileType = wrapper.framework; path = GainyCommon.framework; sourceTree = BUILT_PRODUCTS_DIR; };
		904D198C28D85776009417E9 /* DWDepositInputReviewViewController.swift */ = {isa = PBXFileReference; lastKnownFileType = sourcecode.swift; path = DWDepositInputReviewViewController.swift; sourceTree = "<group>"; };
		904D198E28D85881009417E9 /* DriveWealthCoordinator+Deposit.swift */ = {isa = PBXFileReference; lastKnownFileType = sourcecode.swift; path = "DriveWealthCoordinator+Deposit.swift"; sourceTree = "<group>"; };
		904D199128D887D6009417E9 /* Images.xcassets */ = {isa = PBXFileReference; lastKnownFileType = folder.assetcatalog; path = Images.xcassets; sourceTree = "<group>"; };
		904D199328D8893F009417E9 /* DWDepositInputDoneViewController.swift */ = {isa = PBXFileReference; lastKnownFileType = sourcecode.swift; path = DWDepositInputDoneViewController.swift; sourceTree = "<group>"; };
		907A70472901E7EB008AC753 /* DWAPI.swift */ = {isa = PBXFileReference; lastKnownFileType = sourcecode.swift; path = DWAPI.swift; sourceTree = "<group>"; };
		90A8CF7928ED8B6000078A36 /* DWOrderOverviewController.swift */ = {isa = PBXFileReference; lastKnownFileType = sourcecode.swift; path = DWOrderOverviewController.swift; sourceTree = "<group>"; };
		90A8CF7B28ED8DC200078A36 /* DWOrderInvestSpaceViewController.swift */ = {isa = PBXFileReference; lastKnownFileType = sourcecode.swift; path = DWOrderInvestSpaceViewController.swift; sourceTree = "<group>"; };
		90A8CF7D28ED8E6600078A36 /* GainyAPI.framework */ = {isa = PBXFileReference; explicitFileType = wrapper.framework; path = GainyAPI.framework; sourceTree = BUILT_PRODUCTS_DIR; };
		90A8CF8128ED8EBF00078A36 /* DWOrderInputViewController.swift */ = {isa = PBXFileReference; lastKnownFileType = sourcecode.swift; path = DWOrderInputViewController.swift; sourceTree = "<group>"; };
		90E8347828ED966E00F47D68 /* DWOrderDetailsViewController.swift */ = {isa = PBXFileReference; lastKnownFileType = sourcecode.swift; path = DWOrderDetailsViewController.swift; sourceTree = "<group>"; };
		90EA52A528D4554400AE6871 /* Deposit.storyboard */ = {isa = PBXFileReference; lastKnownFileType = file.storyboard; path = Deposit.storyboard; sourceTree = "<group>"; };
		90EA52A828D456C300AE6871 /* DWDepositInputViewController.swift */ = {isa = PBXFileReference; lastKnownFileType = sourcecode.swift; path = DWDepositInputViewController.swift; sourceTree = "<group>"; };
		90EA52AA28D4571A00AE6871 /* DriveWealthFactory.swift */ = {isa = PBXFileReference; lastKnownFileType = sourcecode.swift; path = DriveWealthFactory.swift; sourceTree = "<group>"; };
		90EF6C4F29028DA3003BDBD8 /* GainyAPI.framework */ = {isa = PBXFileReference; explicitFileType = wrapper.framework; path = GainyAPI.framework; sourceTree = BUILT_PRODUCTS_DIR; };
/* End PBXFileReference section */

/* Begin PBXFrameworksBuildPhase section */
		33B9265E28CB21F2002506F3 /* Frameworks */ = {
			isa = PBXFrameworksBuildPhase;
			buildActionMask = 2147483647;
			files = (
				85EA6EE928F463D50015C280 /* CountryKit in Frameworks */,
				90564DC229029389001FCE89 /* Apollo in Frameworks */,
				85FF513128F727CA0046932E /* PhoneNumberKit in Frameworks */,
				85EA6EE628F441480015C280 /* SwiftHEXColors in Frameworks */,
				90EF6C5029028DA3003BDBD8 /* GainyAPI.framework in Frameworks */,
				90A8CF7328EC6FC700078A36 /* GainyCommon.framework in Frameworks */,
			);
			runOnlyForDeploymentPostprocessing = 0;
		};
/* End PBXFrameworksBuildPhase section */

/* Begin PBXGroup section */
		33B9265728CB21F2002506F3 = {
			isa = PBXGroup;
			children = (
				33B9266328CB21F2002506F3 /* GainyDriveWealth */,
				33B9266228CB21F2002506F3 /* Products */,
				904BB1C528EC5EAB001D43C8 /* Frameworks */,
			);
			sourceTree = "<group>";
		};
		33B9266228CB21F2002506F3 /* Products */ = {
			isa = PBXGroup;
			children = (
				33B9266128CB21F2002506F3 /* GainyDriveWealth.framework */,
			);
			name = Products;
			sourceTree = "<group>";
		};
		33B9266328CB21F2002506F3 /* GainyDriveWealth */ = {
			isa = PBXGroup;
			children = (
				33B9266428CB21F2002506F3 /* GainyDriveWealth.h */,
				907A70462901E7B8008AC753 /* API */,
				904D199028D887C2009417E9 /* Resources */,
				9008729F28CE83E700AFBB38 /* Coordinator */,
				9008729C28CE837E00AFBB38 /* Extensions */,
				33B9267C28CB22AA002506F3 /* Stories */,
				33B9267B28CB22A4002506F3 /* Controllers */,
				33B9266528CB21F2002506F3 /* GainyDriveWealth.docc */,
			);
			path = GainyDriveWealth;
			sourceTree = "<group>";
		};
		33B9267B28CB22A4002506F3 /* Controllers */ = {
			isa = PBXGroup;
			children = (
				900872A328CE852800AFBB38 /* DWBaseViewController.swift */,
				90EA52A728D4554E00AE6871 /* Deposit */,
				900872A528CE85E400AFBB38 /* Onboarding */,
				33B9268228CB2E60002506F3 /* KYCNotifyViewController.swift */,
			);
			path = Controllers;
			sourceTree = "<group>";
		};
		33B9267C28CB22AA002506F3 /* Stories */ = {
			isa = PBXGroup;
			children = (
				33B9267D28CB22C6002506F3 /* KYC.storyboard */,
				90EA52A528D4554400AE6871 /* Deposit.storyboard */,
			);
			path = Stories;
			sourceTree = "<group>";
		};
		8574C41B28F8BBC500D79EB7 /* State Search */ = {
			isa = PBXGroup;
			children = (
				8574C41C28F8BBC500D79EB7 /* KYCStateSearchViewController.swift */,
				8574C41D28F8BBC500D79EB7 /* StateCell.swift */,
				8574C41E28F8BBC500D79EB7 /* StateCell.xib */,
			);
			path = "State Search";
			sourceTree = "<group>";
		};
		85FA56B528FD560700A1AEBE /* Investor Profile */ = {
			isa = PBXGroup;
			children = (
				85FA56B628FD560700A1AEBE /* Single Row Cell */,
				85FA56C228FD796300A1AEBE /* Company Position Search */,
				85FA56BE28FD796200A1AEBE /* Company Type Search */,
				85FA56B928FD560700A1AEBE /* KYCYourEmploymentViewController.swift */,
				85FA56BD28FD796200A1AEBE /* KYCYourCompanyViewController.swift */,
				85FA56CD28FD89CC00A1AEBE /* KYCSourceOfFoundsViewController.swift */,
				85FA56CF28FD8F2000A1AEBE /* KYCAdditionalQuestionsViewController.swift */,
				85FA56D028FD8F2000A1AEBE /* KYCInvestmentProfileViewController.swift */,
			);
			path = "Investor Profile";
			sourceTree = "<group>";
		};
		85FA56B628FD560700A1AEBE /* Single Row Cell */ = {
			isa = PBXGroup;
			children = (
				85FA56B728FD560700A1AEBE /* SingleRowCell.xib */,
				85FA56B828FD560700A1AEBE /* SingleRowCell.swift */,
			);
			path = "Single Row Cell";
			sourceTree = "<group>";
		};
		85FA56BE28FD796200A1AEBE /* Company Type Search */ = {
			isa = PBXGroup;
			children = (
				85FA56BF28FD796200A1AEBE /* CompanyTypeSearchCell.swift */,
				85FA56C028FD796200A1AEBE /* KYCCompanyTypeSearchViewController.swift */,
				85FA56C128FD796200A1AEBE /* CompanyTypeSearchCell.xib */,
			);
			path = "Company Type Search";
			sourceTree = "<group>";
		};
		85FA56C228FD796300A1AEBE /* Company Position Search */ = {
			isa = PBXGroup;
			children = (
				85FA56C328FD796300A1AEBE /* CompanyPositionSearchCell.swift */,
				85FA56C428FD796300A1AEBE /* KYCCompanyPositionSearchViewController.swift */,
				85FA56C528FD796300A1AEBE /* CompanyPositionSearchCell.xib */,
			);
			path = "Company Position Search";
			sourceTree = "<group>";
		};
		85FF514128F82FDA0046932E /* Country Search */ = {
			isa = PBXGroup;
			children = (
				85EA6EE228F437930015C280 /* KYCCountrySearchViewController.swift */,
				85667E4328F47B5A00B735CD /* CountryCell.swift */,
				85667E4428F47B5A00B735CD /* CountryCell.xib */,
			);
			path = "Country Search";
			sourceTree = "<group>";
		};
		85FF514228F82FF60046932E /* Payment */ = {
			isa = PBXGroup;
			children = (
				85667E7028F6CE8900B735CD /* KYCConnectPaymentMethodViewController.swift */,
				85667E6B28F6CE8800B735CD /* KYCHowMuchDepositViewController.swift */,
			);
			path = Payment;
			sourceTree = "<group>";
		};
		85FF514328F830050046932E /* Main Menu */ = {
			isa = PBXGroup;
			children = (
				33B9268028CB2BA4002506F3 /* KYCMainViewController.swift */,
			);
			path = "Main Menu";
			sourceTree = "<group>";
		};
		85FF514428F830390046932E /* Account */ = {
			isa = PBXGroup;
			children = (
				85FF514128F82FDA0046932E /* Country Search */,
				85667E6D28F6CE8900B735CD /* KYCEmailViewController.swift */,
				85667E6E28F6CE8900B735CD /* KYCFaceIDViewController.swift */,
				85667E6C28F6CE8800B735CD /* KYCPasscodeViewController.swift */,
				85667E6F28F6CE8900B735CD /* KYCPhoneViewController.swift */,
				85667E7128F6CE8900B735CD /* KYCVerifyPhoneViewController.swift */,
				85EA6EE028F42EBD0015C280 /* KYCCountrySelectorViewController.swift */,
			);
			path = Account;
			sourceTree = "<group>";
		};
		85FF514B28F85DD90046932E /* Identity */ = {
			isa = PBXGroup;
			children = (
				8574C41B28F8BBC500D79EB7 /* State Search */,
				85FF514728F85DD10046932E /* KYCLegalNameViewController.swift */,
				85FF514528F85DD00046932E /* KYCResidentalAddressViewController.swift */,
				85FF514628F85DD00046932E /* KYCSocialSecurityNumberViewController.swift */,
			);
			path = Identity;
			sourceTree = "<group>";
		};
		9008729C28CE837E00AFBB38 /* Extensions */ = {
			isa = PBXGroup;
			children = (
				9008729D28CE839600AFBB38 /* DWStoryboarded.swift */,
			);
			path = Extensions;
			sourceTree = "<group>";
		};
		9008729F28CE83E700AFBB38 /* Coordinator */ = {
			isa = PBXGroup;
			children = (
				900872A028CE840600AFBB38 /* DriveWealthCoordinator.swift */,
				904D198E28D85881009417E9 /* DriveWealthCoordinator+Deposit.swift */,
				85EA6EDE28F3B4C80015C280 /* DriveWealthCoordinator+KYC.swift */,
				90EA52AA28D4571A00AE6871 /* DriveWealthFactory.swift */,
			);
			path = Coordinator;
			sourceTree = "<group>";
		};
		900872A528CE85E400AFBB38 /* Onboarding */ = {
			isa = PBXGroup;
			children = (
				85FF514228F82FF60046932E /* Payment */,
				85FF514328F830050046932E /* Main Menu */,
				85FF514428F830390046932E /* Account */,
				85FF514B28F85DD90046932E /* Identity */,
				85FA56B528FD560700A1AEBE /* Investor Profile */,
			);
			path = Onboarding;
			sourceTree = "<group>";
		};
		904BB1C528EC5EAB001D43C8 /* Frameworks */ = {
			isa = PBXGroup;
			children = (
				90EF6C4F29028DA3003BDBD8 /* GainyAPI.framework */,
				90A8CF7D28ED8E6600078A36 /* GainyAPI.framework */,
				904BB1C628EC5EAB001D43C8 /* GainyCommon.framework */,
			);
			name = Frameworks;
			sourceTree = "<group>";
		};
		904D199028D887C2009417E9 /* Resources */ = {
			isa = PBXGroup;
			children = (
				904D199128D887D6009417E9 /* Images.xcassets */,
			);
			path = Resources;
			sourceTree = "<group>";
		};
		907A70462901E7B8008AC753 /* API */ = {
			isa = PBXGroup;
			children = (
				907A70472901E7EB008AC753 /* DWAPI.swift */,
			);
			path = API;
			sourceTree = "<group>";
		};
		90A8CF7828ED8B5000078A36 /* Deposit */ = {
			isa = PBXGroup;
			children = (
				90A8CF8128ED8EBF00078A36 /* DWOrderInputViewController.swift */,
				90A8CF7928ED8B6000078A36 /* DWOrderOverviewController.swift */,
				90A8CF7B28ED8DC200078A36 /* DWOrderInvestSpaceViewController.swift */,
				90E8347828ED966E00F47D68 /* DWOrderDetailsViewController.swift */,
			);
			path = Deposit;
			sourceTree = "<group>";
		};
		90EA52A728D4554E00AE6871 /* Deposit */ = {
			isa = PBXGroup;
			children = (
				90EA52A828D456C300AE6871 /* DWDepositInputViewController.swift */,
				904D198C28D85776009417E9 /* DWDepositInputReviewViewController.swift */,
				904D199328D8893F009417E9 /* DWDepositInputDoneViewController.swift */,
				90A8CF7828ED8B5000078A36 /* Deposit */,
			);
			path = Deposit;
			sourceTree = "<group>";
		};
/* End PBXGroup section */

/* Begin PBXHeadersBuildPhase section */
		33B9265C28CB21F2002506F3 /* Headers */ = {
			isa = PBXHeadersBuildPhase;
			buildActionMask = 2147483647;
			files = (
				33B9266728CB21F2002506F3 /* GainyDriveWealth.h in Headers */,
			);
			runOnlyForDeploymentPostprocessing = 0;
		};
/* End PBXHeadersBuildPhase section */

/* Begin PBXNativeTarget section */
		33B9266028CB21F2002506F3 /* GainyDriveWealth */ = {
			isa = PBXNativeTarget;
			buildConfigurationList = 33B9266A28CB21F2002506F3 /* Build configuration list for PBXNativeTarget "GainyDriveWealth" */;
			buildPhases = (
				33B9265C28CB21F2002506F3 /* Headers */,
				33B9265D28CB21F2002506F3 /* Sources */,
				33B9265E28CB21F2002506F3 /* Frameworks */,
				33B9265F28CB21F2002506F3 /* Resources */,
			);
			buildRules = (
			);
			dependencies = (
			);
			name = GainyDriveWealth;
			packageProductDependencies = (
				85EA6EE528F441480015C280 /* SwiftHEXColors */,
				85EA6EE828F463D50015C280 /* CountryKit */,
				85FF513028F727CA0046932E /* PhoneNumberKit */,
				90564DC129029389001FCE89 /* Apollo */,
			);
			productName = GainyDriveWealth;
			productReference = 33B9266128CB21F2002506F3 /* GainyDriveWealth.framework */;
			productType = "com.apple.product-type.framework";
		};
/* End PBXNativeTarget section */

/* Begin PBXProject section */
		33B9265828CB21F2002506F3 /* Project object */ = {
			isa = PBXProject;
			attributes = {
				BuildIndependentTargetsInParallel = 1;
				LastUpgradeCheck = 1340;
				TargetAttributes = {
					33B9266028CB21F2002506F3 = {
						CreatedOnToolsVersion = 13.4.1;
					};
				};
			};
			buildConfigurationList = 33B9265B28CB21F2002506F3 /* Build configuration list for PBXProject "GainyDriveWealth" */;
			compatibilityVersion = "Xcode 13.0";
			developmentRegion = en;
			hasScannedForEncodings = 0;
			knownRegions = (
				en,
				Base,
			);
			mainGroup = 33B9265728CB21F2002506F3;
			packageReferences = (
				85EA6EE428F441480015C280 /* XCRemoteSwiftPackageReference "SwiftHEXColors" */,
				85EA6EE728F463D50015C280 /* XCRemoteSwiftPackageReference "CountryKit" */,
				85FF512F28F727CA0046932E /* XCRemoteSwiftPackageReference "PhoneNumberKit" */,
				90564DC029029389001FCE89 /* XCRemoteSwiftPackageReference "apollo-ios" */,
			);
			productRefGroup = 33B9266228CB21F2002506F3 /* Products */;
			projectDirPath = "";
			projectRoot = "";
			targets = (
				33B9266028CB21F2002506F3 /* GainyDriveWealth */,
			);
		};
/* End PBXProject section */

/* Begin PBXResourcesBuildPhase section */
		33B9265F28CB21F2002506F3 /* Resources */ = {
			isa = PBXResourcesBuildPhase;
			buildActionMask = 2147483647;
			files = (
				85667E4628F47B5B00B735CD /* CountryCell.xib in Resources */,
				904D199228D887D6009417E9 /* Images.xcassets in Resources */,
				85FA56BA28FD560800A1AEBE /* SingleRowCell.xib in Resources */,
				33B9267E28CB22C6002506F3 /* KYC.storyboard in Resources */,
				85FA56C928FD796300A1AEBE /* CompanyTypeSearchCell.xib in Resources */,
				85FA56CC28FD796300A1AEBE /* CompanyPositionSearchCell.xib in Resources */,
				8574C42128F8BBC700D79EB7 /* StateCell.xib in Resources */,
				90EA52A628D4554400AE6871 /* Deposit.storyboard in Resources */,
			);
			runOnlyForDeploymentPostprocessing = 0;
		};
/* End PBXResourcesBuildPhase section */

/* Begin PBXSourcesBuildPhase section */
		33B9265D28CB21F2002506F3 /* Sources */ = {
			isa = PBXSourcesBuildPhase;
			buildActionMask = 2147483647;
			files = (
				85EA6EDF28F3B4CA0015C280 /* DriveWealthCoordinator+KYC.swift in Sources */,
				8574C42028F8BBC700D79EB7 /* StateCell.swift in Sources */,
				85667E7428F6CE8900B735CD /* KYCEmailViewController.swift in Sources */,
				907A70482901E7EB008AC753 /* DWAPI.swift in Sources */,
				90A8CF7A28ED8B6000078A36 /* DWOrderOverviewController.swift in Sources */,
				85FA56C828FD796300A1AEBE /* KYCCompanyTypeSearchViewController.swift in Sources */,
				900872A428CE852800AFBB38 /* DWBaseViewController.swift in Sources */,
				90A8CF7C28ED8DC200078A36 /* DWOrderInvestSpaceViewController.swift in Sources */,
				9008729E28CE839600AFBB38 /* DWStoryboarded.swift in Sources */,
				90EA52AB28D4571A00AE6871 /* DriveWealthFactory.swift in Sources */,
				85FA56BB28FD560800A1AEBE /* SingleRowCell.swift in Sources */,
				85FF514A28F85DD10046932E /* KYCLegalNameViewController.swift in Sources */,
				85FF514828F85DD10046932E /* KYCResidentalAddressViewController.swift in Sources */,
				85FA56BC28FD560800A1AEBE /* KYCYourEmploymentViewController.swift in Sources */,
				85FA56CE28FD89CC00A1AEBE /* KYCSourceOfFoundsViewController.swift in Sources */,
				85FF514928F85DD10046932E /* KYCSocialSecurityNumberViewController.swift in Sources */,
				85FA56D228FD8F2000A1AEBE /* KYCInvestmentProfileViewController.swift in Sources */,
				85FA56C728FD796300A1AEBE /* CompanyTypeSearchCell.swift in Sources */,
				85FA56C628FD796300A1AEBE /* KYCYourCompanyViewController.swift in Sources */,
				904D199428D8893F009417E9 /* DWDepositInputDoneViewController.swift in Sources */,
				85EA6EE328F437940015C280 /* KYCCountrySearchViewController.swift in Sources */,
				90A8CF8228ED8EBF00078A36 /* DWOrderInputViewController.swift in Sources */,
				85667E7328F6CE8900B735CD /* KYCPasscodeViewController.swift in Sources */,
				33B9266628CB21F2002506F3 /* GainyDriveWealth.docc in Sources */,
				85667E7828F6CE8900B735CD /* KYCVerifyPhoneViewController.swift in Sources */,
				33B9268328CB2E60002506F3 /* KYCNotifyViewController.swift in Sources */,
				85667E4528F47B5B00B735CD /* CountryCell.swift in Sources */,
				904D198D28D85776009417E9 /* DWDepositInputReviewViewController.swift in Sources */,
				85EA6EE128F42EBD0015C280 /* KYCCountrySelectorViewController.swift in Sources */,
				8574C41F28F8BBC700D79EB7 /* KYCStateSearchViewController.swift in Sources */,
				900872A128CE840600AFBB38 /* DriveWealthCoordinator.swift in Sources */,
				85667E7528F6CE8900B735CD /* KYCFaceIDViewController.swift in Sources */,
				90EA52A928D456C300AE6871 /* DWDepositInputViewController.swift in Sources */,
				85667E7728F6CE8900B735CD /* KYCConnectPaymentMethodViewController.swift in Sources */,
				85FA56D128FD8F2000A1AEBE /* KYCAdditionalQuestionsViewController.swift in Sources */,
				904D198F28D85881009417E9 /* DriveWealthCoordinator+Deposit.swift in Sources */,
				85FA56CA28FD796300A1AEBE /* CompanyPositionSearchCell.swift in Sources */,
				85667E7228F6CE8900B735CD /* KYCHowMuchDepositViewController.swift in Sources */,
				33B9268128CB2BA4002506F3 /* KYCMainViewController.swift in Sources */,
				90E8347928ED966E00F47D68 /* DWOrderDetailsViewController.swift in Sources */,
				85FA56CB28FD796300A1AEBE /* KYCCompanyPositionSearchViewController.swift in Sources */,
				85667E7628F6CE8900B735CD /* KYCPhoneViewController.swift in Sources */,
			);
			runOnlyForDeploymentPostprocessing = 0;
		};
/* End PBXSourcesBuildPhase section */

/* Begin XCBuildConfiguration section */
		33B9266828CB21F2002506F3 /* Debug */ = {
			isa = XCBuildConfiguration;
			buildSettings = {
				ALWAYS_SEARCH_USER_PATHS = NO;
				CLANG_ANALYZER_NONNULL = YES;
				CLANG_ANALYZER_NUMBER_OBJECT_CONVERSION = YES_AGGRESSIVE;
				CLANG_CXX_LANGUAGE_STANDARD = "gnu++17";
				CLANG_ENABLE_MODULES = YES;
				CLANG_ENABLE_OBJC_ARC = YES;
				CLANG_ENABLE_OBJC_WEAK = YES;
				CLANG_WARN_BLOCK_CAPTURE_AUTORELEASING = YES;
				CLANG_WARN_BOOL_CONVERSION = YES;
				CLANG_WARN_COMMA = YES;
				CLANG_WARN_CONSTANT_CONVERSION = YES;
				CLANG_WARN_DEPRECATED_OBJC_IMPLEMENTATIONS = YES;
				CLANG_WARN_DIRECT_OBJC_ISA_USAGE = YES_ERROR;
				CLANG_WARN_DOCUMENTATION_COMMENTS = YES;
				CLANG_WARN_EMPTY_BODY = YES;
				CLANG_WARN_ENUM_CONVERSION = YES;
				CLANG_WARN_INFINITE_RECURSION = YES;
				CLANG_WARN_INT_CONVERSION = YES;
				CLANG_WARN_NON_LITERAL_NULL_CONVERSION = YES;
				CLANG_WARN_OBJC_IMPLICIT_RETAIN_SELF = YES;
				CLANG_WARN_OBJC_LITERAL_CONVERSION = YES;
				CLANG_WARN_OBJC_ROOT_CLASS = YES_ERROR;
				CLANG_WARN_QUOTED_INCLUDE_IN_FRAMEWORK_HEADER = YES;
				CLANG_WARN_RANGE_LOOP_ANALYSIS = YES;
				CLANG_WARN_STRICT_PROTOTYPES = YES;
				CLANG_WARN_SUSPICIOUS_MOVE = YES;
				CLANG_WARN_UNGUARDED_AVAILABILITY = YES_AGGRESSIVE;
				CLANG_WARN_UNREACHABLE_CODE = YES;
				CLANG_WARN__DUPLICATE_METHOD_MATCH = YES;
				COPY_PHASE_STRIP = NO;
				CURRENT_PROJECT_VERSION = 1;
				DEBUG_INFORMATION_FORMAT = dwarf;
				ENABLE_STRICT_OBJC_MSGSEND = YES;
				ENABLE_TESTABILITY = YES;
				GCC_C_LANGUAGE_STANDARD = gnu11;
				GCC_DYNAMIC_NO_PIC = NO;
				GCC_NO_COMMON_BLOCKS = YES;
				GCC_OPTIMIZATION_LEVEL = 0;
				GCC_PREPROCESSOR_DEFINITIONS = (
					"DEBUG=1",
					"$(inherited)",
				);
				GCC_WARN_64_TO_32_BIT_CONVERSION = YES;
				GCC_WARN_ABOUT_RETURN_TYPE = YES_ERROR;
				GCC_WARN_UNDECLARED_SELECTOR = YES;
				GCC_WARN_UNINITIALIZED_AUTOS = YES_AGGRESSIVE;
				GCC_WARN_UNUSED_FUNCTION = YES;
				GCC_WARN_UNUSED_VARIABLE = YES;
				IPHONEOS_DEPLOYMENT_TARGET = 13.0;
				MTL_ENABLE_DEBUG_INFO = INCLUDE_SOURCE;
				MTL_FAST_MATH = YES;
				ONLY_ACTIVE_ARCH = YES;
				SDKROOT = iphoneos;
				SWIFT_ACTIVE_COMPILATION_CONDITIONS = DEBUG;
				SWIFT_OPTIMIZATION_LEVEL = "-Onone";
				VERSIONING_SYSTEM = "apple-generic";
				VERSION_INFO_PREFIX = "";
			};
			name = Debug;
		};
		33B9266928CB21F2002506F3 /* Release */ = {
			isa = XCBuildConfiguration;
			buildSettings = {
				ALWAYS_SEARCH_USER_PATHS = NO;
				CLANG_ANALYZER_NONNULL = YES;
				CLANG_ANALYZER_NUMBER_OBJECT_CONVERSION = YES_AGGRESSIVE;
				CLANG_CXX_LANGUAGE_STANDARD = "gnu++17";
				CLANG_ENABLE_MODULES = YES;
				CLANG_ENABLE_OBJC_ARC = YES;
				CLANG_ENABLE_OBJC_WEAK = YES;
				CLANG_WARN_BLOCK_CAPTURE_AUTORELEASING = YES;
				CLANG_WARN_BOOL_CONVERSION = YES;
				CLANG_WARN_COMMA = YES;
				CLANG_WARN_CONSTANT_CONVERSION = YES;
				CLANG_WARN_DEPRECATED_OBJC_IMPLEMENTATIONS = YES;
				CLANG_WARN_DIRECT_OBJC_ISA_USAGE = YES_ERROR;
				CLANG_WARN_DOCUMENTATION_COMMENTS = YES;
				CLANG_WARN_EMPTY_BODY = YES;
				CLANG_WARN_ENUM_CONVERSION = YES;
				CLANG_WARN_INFINITE_RECURSION = YES;
				CLANG_WARN_INT_CONVERSION = YES;
				CLANG_WARN_NON_LITERAL_NULL_CONVERSION = YES;
				CLANG_WARN_OBJC_IMPLICIT_RETAIN_SELF = YES;
				CLANG_WARN_OBJC_LITERAL_CONVERSION = YES;
				CLANG_WARN_OBJC_ROOT_CLASS = YES_ERROR;
				CLANG_WARN_QUOTED_INCLUDE_IN_FRAMEWORK_HEADER = YES;
				CLANG_WARN_RANGE_LOOP_ANALYSIS = YES;
				CLANG_WARN_STRICT_PROTOTYPES = YES;
				CLANG_WARN_SUSPICIOUS_MOVE = YES;
				CLANG_WARN_UNGUARDED_AVAILABILITY = YES_AGGRESSIVE;
				CLANG_WARN_UNREACHABLE_CODE = YES;
				CLANG_WARN__DUPLICATE_METHOD_MATCH = YES;
				COPY_PHASE_STRIP = NO;
				CURRENT_PROJECT_VERSION = 1;
				DEBUG_INFORMATION_FORMAT = "dwarf-with-dsym";
				ENABLE_NS_ASSERTIONS = NO;
				ENABLE_STRICT_OBJC_MSGSEND = YES;
				GCC_C_LANGUAGE_STANDARD = gnu11;
				GCC_NO_COMMON_BLOCKS = YES;
				GCC_WARN_64_TO_32_BIT_CONVERSION = YES;
				GCC_WARN_ABOUT_RETURN_TYPE = YES_ERROR;
				GCC_WARN_UNDECLARED_SELECTOR = YES;
				GCC_WARN_UNINITIALIZED_AUTOS = YES_AGGRESSIVE;
				GCC_WARN_UNUSED_FUNCTION = YES;
				GCC_WARN_UNUSED_VARIABLE = YES;
				IPHONEOS_DEPLOYMENT_TARGET = 13.0;
				MTL_ENABLE_DEBUG_INFO = NO;
				MTL_FAST_MATH = YES;
				SDKROOT = iphoneos;
				SWIFT_COMPILATION_MODE = wholemodule;
				SWIFT_OPTIMIZATION_LEVEL = "-O";
				VALIDATE_PRODUCT = YES;
				VERSIONING_SYSTEM = "apple-generic";
				VERSION_INFO_PREFIX = "";
			};
			name = Release;
		};
		33B9266B28CB21F2002506F3 /* Debug */ = {
			isa = XCBuildConfiguration;
			buildSettings = {
				CODE_SIGN_STYLE = Automatic;
				CURRENT_PROJECT_VERSION = 1;
				DEFINES_MODULE = YES;
				DEVELOPMENT_TEAM = M32KF6X3YN;
				DYLIB_COMPATIBILITY_VERSION = 1;
				DYLIB_CURRENT_VERSION = 1;
				DYLIB_INSTALL_NAME_BASE = "@rpath";
				GENERATE_INFOPLIST_FILE = YES;
				INFOPLIST_KEY_NSHumanReadableCopyright = "";
				INSTALL_PATH = "$(LOCAL_LIBRARY_DIR)/Frameworks";
				LD_RUNPATH_SEARCH_PATHS = (
					"$(inherited)",
					"@executable_path/Frameworks",
					"@loader_path/Frameworks",
				);
				MARKETING_VERSION = 1.0;
				PRODUCT_BUNDLE_IDENTIFIER = app.gainy.framework.GainyDriveWealth;
				PRODUCT_NAME = "$(TARGET_NAME:c99extidentifier)";
				SKIP_INSTALL = YES;
				SUPPORTS_MACCATALYST = NO;
				SWIFT_EMIT_LOC_STRINGS = YES;
				SWIFT_VERSION = 5.0;
				TARGETED_DEVICE_FAMILY = "1,2";
			};
			name = Debug;
		};
		33B9266C28CB21F2002506F3 /* Release */ = {
			isa = XCBuildConfiguration;
			buildSettings = {
				CODE_SIGN_STYLE = Automatic;
				CURRENT_PROJECT_VERSION = 1;
				DEFINES_MODULE = YES;
				DEVELOPMENT_TEAM = M32KF6X3YN;
				DYLIB_COMPATIBILITY_VERSION = 1;
				DYLIB_CURRENT_VERSION = 1;
				DYLIB_INSTALL_NAME_BASE = "@rpath";
				GENERATE_INFOPLIST_FILE = YES;
				INFOPLIST_KEY_NSHumanReadableCopyright = "";
				INSTALL_PATH = "$(LOCAL_LIBRARY_DIR)/Frameworks";
				LD_RUNPATH_SEARCH_PATHS = (
					"$(inherited)",
					"@executable_path/Frameworks",
					"@loader_path/Frameworks",
				);
				MARKETING_VERSION = 1.0;
				PRODUCT_BUNDLE_IDENTIFIER = app.gainy.framework.GainyDriveWealth;
				PRODUCT_NAME = "$(TARGET_NAME:c99extidentifier)";
				SKIP_INSTALL = YES;
				SUPPORTS_MACCATALYST = NO;
				SWIFT_EMIT_LOC_STRINGS = YES;
				SWIFT_VERSION = 5.0;
				TARGETED_DEVICE_FAMILY = "1,2";
			};
			name = Release;
		};
		90312729290C72A20087BE3C /* Debug Staging */ = {
			isa = XCBuildConfiguration;
			buildSettings = {
				ALWAYS_SEARCH_USER_PATHS = NO;
				CLANG_ANALYZER_NONNULL = YES;
				CLANG_ANALYZER_NUMBER_OBJECT_CONVERSION = YES_AGGRESSIVE;
				CLANG_CXX_LANGUAGE_STANDARD = "gnu++17";
				CLANG_ENABLE_MODULES = YES;
				CLANG_ENABLE_OBJC_ARC = YES;
				CLANG_ENABLE_OBJC_WEAK = YES;
				CLANG_WARN_BLOCK_CAPTURE_AUTORELEASING = YES;
				CLANG_WARN_BOOL_CONVERSION = YES;
				CLANG_WARN_COMMA = YES;
				CLANG_WARN_CONSTANT_CONVERSION = YES;
				CLANG_WARN_DEPRECATED_OBJC_IMPLEMENTATIONS = YES;
				CLANG_WARN_DIRECT_OBJC_ISA_USAGE = YES_ERROR;
				CLANG_WARN_DOCUMENTATION_COMMENTS = YES;
				CLANG_WARN_EMPTY_BODY = YES;
				CLANG_WARN_ENUM_CONVERSION = YES;
				CLANG_WARN_INFINITE_RECURSION = YES;
				CLANG_WARN_INT_CONVERSION = YES;
				CLANG_WARN_NON_LITERAL_NULL_CONVERSION = YES;
				CLANG_WARN_OBJC_IMPLICIT_RETAIN_SELF = YES;
				CLANG_WARN_OBJC_LITERAL_CONVERSION = YES;
				CLANG_WARN_OBJC_ROOT_CLASS = YES_ERROR;
				CLANG_WARN_QUOTED_INCLUDE_IN_FRAMEWORK_HEADER = YES;
				CLANG_WARN_RANGE_LOOP_ANALYSIS = YES;
				CLANG_WARN_STRICT_PROTOTYPES = YES;
				CLANG_WARN_SUSPICIOUS_MOVE = YES;
				CLANG_WARN_UNGUARDED_AVAILABILITY = YES_AGGRESSIVE;
				CLANG_WARN_UNREACHABLE_CODE = YES;
				CLANG_WARN__DUPLICATE_METHOD_MATCH = YES;
				COPY_PHASE_STRIP = NO;
				CURRENT_PROJECT_VERSION = 1;
				DEBUG_INFORMATION_FORMAT = dwarf;
				ENABLE_STRICT_OBJC_MSGSEND = YES;
				ENABLE_TESTABILITY = YES;
				GCC_C_LANGUAGE_STANDARD = gnu11;
				GCC_DYNAMIC_NO_PIC = NO;
				GCC_NO_COMMON_BLOCKS = YES;
				GCC_OPTIMIZATION_LEVEL = 0;
				GCC_PREPROCESSOR_DEFINITIONS = (
					"DEBUG=1",
					"$(inherited)",
				);
				GCC_WARN_64_TO_32_BIT_CONVERSION = YES;
				GCC_WARN_ABOUT_RETURN_TYPE = YES_ERROR;
				GCC_WARN_UNDECLARED_SELECTOR = YES;
				GCC_WARN_UNINITIALIZED_AUTOS = YES_AGGRESSIVE;
				GCC_WARN_UNUSED_FUNCTION = YES;
				GCC_WARN_UNUSED_VARIABLE = YES;
				IPHONEOS_DEPLOYMENT_TARGET = 13.0;
				MTL_ENABLE_DEBUG_INFO = INCLUDE_SOURCE;
				MTL_FAST_MATH = YES;
				ONLY_ACTIVE_ARCH = YES;
				SDKROOT = iphoneos;
				SWIFT_ACTIVE_COMPILATION_CONDITIONS = DEBUG;
				SWIFT_OPTIMIZATION_LEVEL = "-Onone";
				VERSIONING_SYSTEM = "apple-generic";
				VERSION_INFO_PREFIX = "";
			};
			name = "Debug Staging";
		};
		9031272A290C72A20087BE3C /* Debug Staging */ = {
			isa = XCBuildConfiguration;
			buildSettings = {
				CODE_SIGN_STYLE = Automatic;
				CURRENT_PROJECT_VERSION = 1;
				DEFINES_MODULE = YES;
				DEVELOPMENT_TEAM = M32KF6X3YN;
				DYLIB_COMPATIBILITY_VERSION = 1;
				DYLIB_CURRENT_VERSION = 1;
				DYLIB_INSTALL_NAME_BASE = "@rpath";
				GENERATE_INFOPLIST_FILE = YES;
				INFOPLIST_KEY_NSHumanReadableCopyright = "";
				INSTALL_PATH = "$(LOCAL_LIBRARY_DIR)/Frameworks";
				LD_RUNPATH_SEARCH_PATHS = (
					"$(inherited)",
					"@executable_path/Frameworks",
					"@loader_path/Frameworks",
				);
				MARKETING_VERSION = 1.0;
				PRODUCT_BUNDLE_IDENTIFIER = app.gainy.framework.GainyDriveWealth;
				PRODUCT_NAME = "$(TARGET_NAME:c99extidentifier)";
				SKIP_INSTALL = YES;
				SUPPORTS_MACCATALYST = NO;
				SWIFT_EMIT_LOC_STRINGS = YES;
				SWIFT_VERSION = 5.0;
				TARGETED_DEVICE_FAMILY = "1,2";
			};
			name = "Debug Staging";
		};
		9031272B290C72A80087BE3C /* Release Staging */ = {
			isa = XCBuildConfiguration;
			buildSettings = {
				ALWAYS_SEARCH_USER_PATHS = NO;
				CLANG_ANALYZER_NONNULL = YES;
				CLANG_ANALYZER_NUMBER_OBJECT_CONVERSION = YES_AGGRESSIVE;
				CLANG_CXX_LANGUAGE_STANDARD = "gnu++17";
				CLANG_ENABLE_MODULES = YES;
				CLANG_ENABLE_OBJC_ARC = YES;
				CLANG_ENABLE_OBJC_WEAK = YES;
				CLANG_WARN_BLOCK_CAPTURE_AUTORELEASING = YES;
				CLANG_WARN_BOOL_CONVERSION = YES;
				CLANG_WARN_COMMA = YES;
				CLANG_WARN_CONSTANT_CONVERSION = YES;
				CLANG_WARN_DEPRECATED_OBJC_IMPLEMENTATIONS = YES;
				CLANG_WARN_DIRECT_OBJC_ISA_USAGE = YES_ERROR;
				CLANG_WARN_DOCUMENTATION_COMMENTS = YES;
				CLANG_WARN_EMPTY_BODY = YES;
				CLANG_WARN_ENUM_CONVERSION = YES;
				CLANG_WARN_INFINITE_RECURSION = YES;
				CLANG_WARN_INT_CONVERSION = YES;
				CLANG_WARN_NON_LITERAL_NULL_CONVERSION = YES;
				CLANG_WARN_OBJC_IMPLICIT_RETAIN_SELF = YES;
				CLANG_WARN_OBJC_LITERAL_CONVERSION = YES;
				CLANG_WARN_OBJC_ROOT_CLASS = YES_ERROR;
				CLANG_WARN_QUOTED_INCLUDE_IN_FRAMEWORK_HEADER = YES;
				CLANG_WARN_RANGE_LOOP_ANALYSIS = YES;
				CLANG_WARN_STRICT_PROTOTYPES = YES;
				CLANG_WARN_SUSPICIOUS_MOVE = YES;
				CLANG_WARN_UNGUARDED_AVAILABILITY = YES_AGGRESSIVE;
				CLANG_WARN_UNREACHABLE_CODE = YES;
				CLANG_WARN__DUPLICATE_METHOD_MATCH = YES;
				COPY_PHASE_STRIP = NO;
				CURRENT_PROJECT_VERSION = 1;
				DEBUG_INFORMATION_FORMAT = "dwarf-with-dsym";
				ENABLE_NS_ASSERTIONS = NO;
				ENABLE_STRICT_OBJC_MSGSEND = YES;
				GCC_C_LANGUAGE_STANDARD = gnu11;
				GCC_NO_COMMON_BLOCKS = YES;
				GCC_WARN_64_TO_32_BIT_CONVERSION = YES;
				GCC_WARN_ABOUT_RETURN_TYPE = YES_ERROR;
				GCC_WARN_UNDECLARED_SELECTOR = YES;
				GCC_WARN_UNINITIALIZED_AUTOS = YES_AGGRESSIVE;
				GCC_WARN_UNUSED_FUNCTION = YES;
				GCC_WARN_UNUSED_VARIABLE = YES;
				IPHONEOS_DEPLOYMENT_TARGET = 13.0;
				MTL_ENABLE_DEBUG_INFO = NO;
				MTL_FAST_MATH = YES;
				SDKROOT = iphoneos;
				SWIFT_COMPILATION_MODE = wholemodule;
				SWIFT_OPTIMIZATION_LEVEL = "-O";
				VALIDATE_PRODUCT = YES;
				VERSIONING_SYSTEM = "apple-generic";
				VERSION_INFO_PREFIX = "";
			};
			name = "Release Staging";
		};
		9031272C290C72A80087BE3C /* Release Staging */ = {
			isa = XCBuildConfiguration;
			buildSettings = {
				CODE_SIGN_STYLE = Automatic;
				CURRENT_PROJECT_VERSION = 1;
				DEFINES_MODULE = YES;
				DEVELOPMENT_TEAM = M32KF6X3YN;
				DYLIB_COMPATIBILITY_VERSION = 1;
				DYLIB_CURRENT_VERSION = 1;
				DYLIB_INSTALL_NAME_BASE = "@rpath";
				GENERATE_INFOPLIST_FILE = YES;
				INFOPLIST_KEY_NSHumanReadableCopyright = "";
				INSTALL_PATH = "$(LOCAL_LIBRARY_DIR)/Frameworks";
				LD_RUNPATH_SEARCH_PATHS = (
					"$(inherited)",
					"@executable_path/Frameworks",
					"@loader_path/Frameworks",
				);
				MARKETING_VERSION = 1.0;
				PRODUCT_BUNDLE_IDENTIFIER = app.gainy.framework.GainyDriveWealth;
				PRODUCT_NAME = "$(TARGET_NAME:c99extidentifier)";
				SKIP_INSTALL = YES;
				SUPPORTS_MACCATALYST = NO;
				SWIFT_EMIT_LOC_STRINGS = YES;
				SWIFT_VERSION = 5.0;
				TARGETED_DEVICE_FAMILY = "1,2";
			};
			name = "Release Staging";
		};
/* End XCBuildConfiguration section */

/* Begin XCConfigurationList section */
		33B9265B28CB21F2002506F3 /* Build configuration list for PBXProject "GainyDriveWealth" */ = {
			isa = XCConfigurationList;
			buildConfigurations = (
				33B9266828CB21F2002506F3 /* Debug */,
				90312729290C72A20087BE3C /* Debug Staging */,
				33B9266928CB21F2002506F3 /* Release */,
				9031272B290C72A80087BE3C /* Release Staging */,
			);
			defaultConfigurationIsVisible = 0;
			defaultConfigurationName = Release;
		};
		33B9266A28CB21F2002506F3 /* Build configuration list for PBXNativeTarget "GainyDriveWealth" */ = {
			isa = XCConfigurationList;
			buildConfigurations = (
				33B9266B28CB21F2002506F3 /* Debug */,
				9031272A290C72A20087BE3C /* Debug Staging */,
				33B9266C28CB21F2002506F3 /* Release */,
				9031272C290C72A80087BE3C /* Release Staging */,
			);
			defaultConfigurationIsVisible = 0;
			defaultConfigurationName = Release;
		};
/* End XCConfigurationList section */

/* Begin XCRemoteSwiftPackageReference section */
		85EA6EE428F441480015C280 /* XCRemoteSwiftPackageReference "SwiftHEXColors" */ = {
			isa = XCRemoteSwiftPackageReference;
			repositoryURL = "https://github.com/thii/SwiftHEXColors";
			requirement = {
				kind = upToNextMajorVersion;
				minimumVersion = 1.0.0;
			};
		};
		85EA6EE728F463D50015C280 /* XCRemoteSwiftPackageReference "CountryKit" */ = {
			isa = XCRemoteSwiftPackageReference;
			repositoryURL = "https://github.com/alemar11/CountryKit";
			requirement = {
				kind = upToNextMajorVersion;
				minimumVersion = 2.0.0;
			};
		};
		85FF512F28F727CA0046932E /* XCRemoteSwiftPackageReference "PhoneNumberKit" */ = {
			isa = XCRemoteSwiftPackageReference;
			repositoryURL = "https://github.com/marmelroy/PhoneNumberKit";
			requirement = {
				kind = upToNextMajorVersion;
				minimumVersion = 3.0.0;
			};
		};
		90564DC029029389001FCE89 /* XCRemoteSwiftPackageReference "apollo-ios" */ = {
			isa = XCRemoteSwiftPackageReference;
			repositoryURL = "https://github.com/apollographql/apollo-ios.git";
			requirement = {
				kind = upToNextMajorVersion;
				minimumVersion = 0.9.5;
			};
		};
/* End XCRemoteSwiftPackageReference section */

/* Begin XCSwiftPackageProductDependency section */
		85EA6EE528F441480015C280 /* SwiftHEXColors */ = {
			isa = XCSwiftPackageProductDependency;
			package = 85EA6EE428F441480015C280 /* XCRemoteSwiftPackageReference "SwiftHEXColors" */;
			productName = SwiftHEXColors;
		};
		85EA6EE828F463D50015C280 /* CountryKit */ = {
			isa = XCSwiftPackageProductDependency;
			package = 85EA6EE728F463D50015C280 /* XCRemoteSwiftPackageReference "CountryKit" */;
			productName = CountryKit;
		};
		85FF513028F727CA0046932E /* PhoneNumberKit */ = {
			isa = XCSwiftPackageProductDependency;
			package = 85FF512F28F727CA0046932E /* XCRemoteSwiftPackageReference "PhoneNumberKit" */;
			productName = PhoneNumberKit;
		};
		90564DC129029389001FCE89 /* Apollo */ = {
			isa = XCSwiftPackageProductDependency;
			package = 90564DC029029389001FCE89 /* XCRemoteSwiftPackageReference "apollo-ios" */;
			productName = Apollo;
		};
/* End XCSwiftPackageProductDependency section */
	};
	rootObject = 33B9265828CB21F2002506F3 /* Project object */;
}
