// !$*UTF8*$!
{
	archiveVersion = 1;
	classes = {
	};
	objectVersion = 54;
	objects = {

/* Begin PBXBuildFile section */
		3A01FBE52682396F007F6FA3 /* CollectionHorizontalView.swift in Sources */ = {isa = PBXBuildFile; fileRef = 3A01FBE42682396F007F6FA3 /* CollectionHorizontalView.swift */; };
		3A01FC1526885926007F6FA3 /* SFCompactRounded-Regular.otf in Resources */ = {isa = PBXBuildFile; fileRef = 3A01FC1426885926007F6FA3 /* SFCompactRounded-Regular.otf */; };
		3A3214A226698FCC00D6778B /* CollectionDTOMapper.swift in Sources */ = {isa = PBXBuildFile; fileRef = 3A3214A126698FCC00D6778B /* CollectionDTOMapper.swift */; };
		3A3214A626698FCC00D6778B /* CollectionViewModelMapper.swift in Sources */ = {isa = PBXBuildFile; fileRef = 3A3214A526698FCC00D6778B /* CollectionViewModelMapper.swift */; };
		3A3214AA26698FCC00D6778B /* YourCollectionViewCellModel.swift in Sources */ = {isa = PBXBuildFile; fileRef = 3A3214A926698FCC00D6778B /* YourCollectionViewCellModel.swift */; };
		3A3214AE26698FCC00D6778B /* RecommendedCollectionViewCellModel.swift in Sources */ = {isa = PBXBuildFile; fileRef = 3A3214AD26698FCC00D6778B /* RecommendedCollectionViewCellModel.swift */; };
		3A3214B226698FCC00D6778B /* RecommendedCellButtonState.swift in Sources */ = {isa = PBXBuildFile; fileRef = 3A3214B126698FCC00D6778B /* RecommendedCellButtonState.swift */; };
		3A498F54266C179E008437F1 /* DiscoverCardsViewControllerProtocol.swift in Sources */ = {isa = PBXBuildFile; fileRef = 3A498F53266C179E008437F1 /* DiscoverCardsViewControllerProtocol.swift */; };
		3A498F58266C17C6008437F1 /* DiscoverCardsViewController.swift in Sources */ = {isa = PBXBuildFile; fileRef = 3A498F57266C17C6008437F1 /* DiscoverCardsViewController.swift */; };
		3A498F5D266C2E2B008437F1 /* DiscoverCardsViewModel.swift in Sources */ = {isa = PBXBuildFile; fileRef = 3A498F5C266C2E2B008437F1 /* DiscoverCardsViewModel.swift */; };
		3A498F63266C2E62008437F1 /* DiscoverCardsViewModelProtocol.swift in Sources */ = {isa = PBXBuildFile; fileRef = 3A498F62266C2E62008437F1 /* DiscoverCardsViewModelProtocol.swift */; };
		3A930ED9265C1909000FD3EB /* AppDelegate.swift in Sources */ = {isa = PBXBuildFile; fileRef = 3A930ED8265C1909000FD3EB /* AppDelegate.swift */; };
		3A930EDB265C1909000FD3EB /* SceneDelegate.swift in Sources */ = {isa = PBXBuildFile; fileRef = 3A930EDA265C1909000FD3EB /* SceneDelegate.swift */; };
		3A930EDD265C1909000FD3EB /* DiscoverCollectionsViewController.swift in Sources */ = {isa = PBXBuildFile; fileRef = 3A930EDC265C1909000FD3EB /* DiscoverCollectionsViewController.swift */; };
		3A930EE2265C190C000FD3EB /* Assets.xcassets in Resources */ = {isa = PBXBuildFile; fileRef = 3A930EE1265C190C000FD3EB /* Assets.xcassets */; };
		3A930EE5265C190C000FD3EB /* LaunchScreen.storyboard in Resources */ = {isa = PBXBuildFile; fileRef = 3A930EE3265C190C000FD3EB /* LaunchScreen.storyboard */; };
		3A930EF0265C190C000FD3EB /* GainyTests.swift in Sources */ = {isa = PBXBuildFile; fileRef = 3A930EEF265C190C000FD3EB /* GainyTests.swift */; };
		3A930EFB265C190C000FD3EB /* GainyUITests.swift in Sources */ = {isa = PBXBuildFile; fileRef = 3A930EFA265C190C000FD3EB /* GainyUITests.swift */; };
		3A9FB0DD266AAF4A00EC85D4 /* ApolloCore.framework in Frameworks */ = {isa = PBXBuildFile; fileRef = 3A9FB0DC266AAF4A00EC85D4 /* ApolloCore.framework */; };
		3A9FB0DE266AAF4A00EC85D4 /* ApolloCore.framework in Embed Frameworks */ = {isa = PBXBuildFile; fileRef = 3A9FB0DC266AAF4A00EC85D4 /* ApolloCore.framework */; settings = {ATTRIBUTES = (CodeSignOnCopy, RemoveHeadersOnCopy, ); }; };
		3A9FB0E2266B853100EC85D4 /* RecommendedCollectionsHeaderView.swift in Sources */ = {isa = PBXBuildFile; fileRef = 3A9FB0E1266B853100EC85D4 /* RecommendedCollectionsHeaderView.swift */; };
		3A9FB0E6266B853200EC85D4 /* RoundedCornerView.swift in Sources */ = {isa = PBXBuildFile; fileRef = 3A9FB0E5266B853200EC85D4 /* RoundedCornerView.swift */; };
		3AA1CA74266A643C005C0712 /* UIFont+Rounded.swift in Sources */ = {isa = PBXBuildFile; fileRef = 3AA1CA73266A643C005C0712 /* UIFont+Rounded.swift */; };
		3AA52C86266012D8006A6961 /* Collections.graphql in Resources */ = {isa = PBXBuildFile; fileRef = 3AA52C85266012D8006A6961 /* Collections.graphql */; };
		3AA52C91266013E1006A6961 /* Network.swift in Sources */ = {isa = PBXBuildFile; fileRef = 3AA52C90266013E1006A6961 /* Network.swift */; };
		3AA52C97266014BB006A6961 /* Apollo.framework in Frameworks */ = {isa = PBXBuildFile; fileRef = 3AA52C96266014BB006A6961 /* Apollo.framework */; };
		3AA52C98266014BB006A6961 /* Apollo.framework in Embed Frameworks */ = {isa = PBXBuildFile; fileRef = 3AA52C96266014BB006A6961 /* Apollo.framework */; settings = {ATTRIBUTES = (CodeSignOnCopy, RemoveHeadersOnCopy, ); }; };
		3AA52C9F26601697006A6961 /* API.swift in Sources */ = {isa = PBXBuildFile; fileRef = 3AA52C9E26601697006A6961 /* API.swift */; };
		3ABECD3D26810052003D27D9 /* CollectionDetailsViewCell.swift in Sources */ = {isa = PBXBuildFile; fileRef = 3ABECD3C26810052003D27D9 /* CollectionDetailsViewCell.swift */; };
		3AD40F5D266021BD005679DE /* BundleReader.swift in Sources */ = {isa = PBXBuildFile; fileRef = 3AD40F5C266021BD005679DE /* BundleReader.swift */; };
		3AD40FA326682A27005679DE /* UICollectionView+ReuseCells.swift in Sources */ = {isa = PBXBuildFile; fileRef = 3AD40FA226682A27005679DE /* UICollectionView+ReuseCells.swift */; };
		3AD40FA726682B2B005679DE /* UICollectionReusableView+ReusableView.swift in Sources */ = {isa = PBXBuildFile; fileRef = 3AD40FA626682B2B005679DE /* UICollectionReusableView+ReusableView.swift */; };
		3AD40FB5266923C1005679DE /* DiscoverCollectionsViewModelProtocol.swift in Sources */ = {isa = PBXBuildFile; fileRef = 3AD40FB4266923C1005679DE /* DiscoverCollectionsViewModelProtocol.swift */; };
		3AD40FBA266923C1005679DE /* YourCollectionsSectionLayout.swift in Sources */ = {isa = PBXBuildFile; fileRef = 3AD40FB9266923C1005679DE /* YourCollectionsSectionLayout.swift */; };
		3AD40FBE266923C1005679DE /* RecommendedCollectionsSectionLayout.swift in Sources */ = {isa = PBXBuildFile; fileRef = 3AD40FBD266923C1005679DE /* RecommendedCollectionsSectionLayout.swift */; };
		3AD40FC3266923C1005679DE /* SectionLayout.swift in Sources */ = {isa = PBXBuildFile; fileRef = 3AD40FC2266923C1005679DE /* SectionLayout.swift */; };
		3AD40FC9266923C1005679DE /* DiscoverCollectionsViewControllerProtocol.swift in Sources */ = {isa = PBXBuildFile; fileRef = 3AD40FC8266923C1005679DE /* DiscoverCollectionsViewControllerProtocol.swift */; };
		3AD40FD026693D75005679DE /* UICollectionView+ReusableHeaderSection.swift in Sources */ = {isa = PBXBuildFile; fileRef = 3AD40FCF26693D75005679DE /* UICollectionView+ReusableHeaderSection.swift */; };
		3AE79525266219F3002B40D6 /* Collection.swift in Sources */ = {isa = PBXBuildFile; fileRef = 3AE79524266219F3002B40D6 /* Collection.swift */; };
		3AE7952D266222CC002B40D6 /* YourCollectionViewCell.swift in Sources */ = {isa = PBXBuildFile; fileRef = 3AE7952C266222CC002B40D6 /* YourCollectionViewCell.swift */; };
		3AE79536266267C1002B40D6 /* YourCollectionsHeaderView.swift in Sources */ = {isa = PBXBuildFile; fileRef = 3AE79535266267C1002B40D6 /* YourCollectionsHeaderView.swift */; };
		3AE79541266276DC002B40D6 /* RecommendedCollectionViewCell.swift in Sources */ = {isa = PBXBuildFile; fileRef = 3AE79540266276DC002B40D6 /* RecommendedCollectionViewCell.swift */; };
		3AE795462662A0A9002B40D6 /* DummyDataSource.swift in Sources */ = {isa = PBXBuildFile; fileRef = 3AE795452662A0A9002B40D6 /* DummyDataSource.swift */; };
		3AE7954C2662A85D002B40D6 /* UIColor+Gainy.swift in Sources */ = {isa = PBXBuildFile; fileRef = 3AE7954B2662A85D002B40D6 /* UIColor+Gainy.swift */; };
		3AE795582662AE80002B40D6 /* Reachability.swift in Sources */ = {isa = PBXBuildFile; fileRef = 3AE795572662AE80002B40D6 /* Reachability.swift */; };
		3AE79561266382B0002B40D6 /* CoordinatorFactoryProtocol.swift in Sources */ = {isa = PBXBuildFile; fileRef = 3AE79560266382B0002B40D6 /* CoordinatorFactoryProtocol.swift */; };
		3AE79569266382EF002B40D6 /* CoordinatorFactory.swift in Sources */ = {isa = PBXBuildFile; fileRef = 3AE79568266382EF002B40D6 /* CoordinatorFactory.swift */; };
		3AE7956E26638349002B40D6 /* Coordinator.swift in Sources */ = {isa = PBXBuildFile; fileRef = 3AE7956D26638349002B40D6 /* Coordinator.swift */; };
		3AE7957626638360002B40D6 /* BaseCoordinator.swift in Sources */ = {isa = PBXBuildFile; fileRef = 3AE7957526638360002B40D6 /* BaseCoordinator.swift */; };
		3AE7957B2663837F002B40D6 /* ViewControllerFactory.swift in Sources */ = {isa = PBXBuildFile; fileRef = 3AE7957A2663837F002B40D6 /* ViewControllerFactory.swift */; };
		3AE7958326638406002B40D6 /* AppCoordinator.swift in Sources */ = {isa = PBXBuildFile; fileRef = 3AE7958226638406002B40D6 /* AppCoordinator.swift */; };
		3AE7958C2663855C002B40D6 /* Router.swift in Sources */ = {isa = PBXBuildFile; fileRef = 3AE7958B2663855C002B40D6 /* Router.swift */; };
		3AE7959526638596002B40D6 /* Presentable.swift in Sources */ = {isa = PBXBuildFile; fileRef = 3AE7959426638596002B40D6 /* Presentable.swift */; };
		3AE7959A266385C1002B40D6 /* BaseViewControllerProtocol.swift in Sources */ = {isa = PBXBuildFile; fileRef = 3AE79599266385C1002B40D6 /* BaseViewControllerProtocol.swift */; };
		3AE7959F266385E1002B40D6 /* CoordinatorFinishOutput.swift in Sources */ = {isa = PBXBuildFile; fileRef = 3AE7959E266385E1002B40D6 /* CoordinatorFinishOutput.swift */; };
		3AE795AB2663866E002B40D6 /* UIViewController+Presentable.swift in Sources */ = {isa = PBXBuildFile; fileRef = 3AE795AA2663866E002B40D6 /* UIViewController+Presentable.swift */; };
		3AE795B7266386B8002B40D6 /* LaunchInstructor.swift in Sources */ = {isa = PBXBuildFile; fileRef = 3AE795B6266386B8002B40D6 /* LaunchInstructor.swift */; };
		3AE795D626638F4E002B40D6 /* DeepLinkOption.swift in Sources */ = {isa = PBXBuildFile; fileRef = 3AE795D526638F4E002B40D6 /* DeepLinkOption.swift */; };
		3AE795E726638FBE002B40D6 /* MainCoordinator.swift in Sources */ = {isa = PBXBuildFile; fileRef = 3AE795E626638FBE002B40D6 /* MainCoordinator.swift */; };
		3AE90354266A2FDF00574923 /* AppsFlyerLib.framework in Frameworks */ = {isa = PBXBuildFile; fileRef = 3AE90353266A2FDF00574923 /* AppsFlyerLib.framework */; };
		3AE90364266A4EFD00574923 /* AFEvent.swift in Sources */ = {isa = PBXBuildFile; fileRef = 3AE90363266A4EFD00574923 /* AFEvent.swift */; };
		3AE9036A266A507900574923 /* AFParameter.swift in Sources */ = {isa = PBXBuildFile; fileRef = 3AE90369266A507900574923 /* AFParameter.swift */; };
		3AE9036F266A507A00574923 /* AFConfig.swift in Sources */ = {isa = PBXBuildFile; fileRef = 3AE9036E266A507A00574923 /* AFConfig.swift */; };
		3AEF699F2662025B00B01BB3 /* DiscoverCollectionsViewModel.swift in Sources */ = {isa = PBXBuildFile; fileRef = 3AEF699E2662025B00B01BB3 /* DiscoverCollectionsViewModel.swift */; };
		3AFE1A6D266E4A600091E799 /* UINavigationController+SetStatusBar.swift in Sources */ = {isa = PBXBuildFile; fileRef = 3AFE1A6C266E4A600091E799 /* UINavigationController+SetStatusBar.swift */; };
		3AFE1A71266E4A7A0091E799 /* UIDevice+HasTopNotch.swift in Sources */ = {isa = PBXBuildFile; fileRef = 3AFE1A70266E4A7A0091E799 /* UIDevice+HasTopNotch.swift */; };
		3AFE1A7E266E51DC0091E799 /* SFProDisplay-Regular.ttf in Resources */ = {isa = PBXBuildFile; fileRef = 3AFE1A7D266E51DC0091E799 /* SFProDisplay-Regular.ttf */; };
		3AFE1A88266E540C0091E799 /* SFProDisplay-Semibold.ttf in Resources */ = {isa = PBXBuildFile; fileRef = 3AFE1A84266E540C0091E799 /* SFProDisplay-Semibold.ttf */; };
		3AFE1A8A266E540C0091E799 /* SFProDisplay-Bold.ttf in Resources */ = {isa = PBXBuildFile; fileRef = 3AFE1A86266E540C0091E799 /* SFProDisplay-Bold.ttf */; };
		3AFE1A93266E5C7A0091E799 /* SFCompactRounded-Medium.otf in Resources */ = {isa = PBXBuildFile; fileRef = 3AFE1A91266E5C7A0091E799 /* SFCompactRounded-Medium.otf */; };
		3AFE1A94266E5C7A0091E799 /* SFCompactRounded-Semibold.otf in Resources */ = {isa = PBXBuildFile; fileRef = 3AFE1A92266E5C7A0091E799 /* SFCompactRounded-Semibold.otf */; };
/* End PBXBuildFile section */

/* Begin PBXContainerItemProxy section */
		3A930EEC265C190C000FD3EB /* PBXContainerItemProxy */ = {
			isa = PBXContainerItemProxy;
			containerPortal = 3A930ECD265C1909000FD3EB /* Project object */;
			proxyType = 1;
			remoteGlobalIDString = 3A930ED4265C1909000FD3EB;
			remoteInfo = Gainy;
		};
		3A930EF7265C190C000FD3EB /* PBXContainerItemProxy */ = {
			isa = PBXContainerItemProxy;
			containerPortal = 3A930ECD265C1909000FD3EB /* Project object */;
			proxyType = 1;
			remoteGlobalIDString = 3A930ED4265C1909000FD3EB;
			remoteInfo = Gainy;
		};
/* End PBXContainerItemProxy section */

/* Begin PBXCopyFilesBuildPhase section */
		3AA52C99266014BB006A6961 /* Embed Frameworks */ = {
			isa = PBXCopyFilesBuildPhase;
			buildActionMask = 2147483647;
			dstPath = "";
			dstSubfolderSpec = 10;
			files = (
				3A9FB0DE266AAF4A00EC85D4 /* ApolloCore.framework in Embed Frameworks */,
				3AA52C98266014BB006A6961 /* Apollo.framework in Embed Frameworks */,
			);
			name = "Embed Frameworks";
			runOnlyForDeploymentPostprocessing = 0;
		};
/* End PBXCopyFilesBuildPhase section */

/* Begin PBXFileReference section */
		3A01FBE42682396F007F6FA3 /* CollectionHorizontalView.swift */ = {isa = PBXFileReference; lastKnownFileType = sourcecode.swift; path = CollectionHorizontalView.swift; sourceTree = "<group>"; };
		3A01FC1426885926007F6FA3 /* SFCompactRounded-Regular.otf */ = {isa = PBXFileReference; lastKnownFileType = file; path = "SFCompactRounded-Regular.otf"; sourceTree = "<group>"; };
		3A3214A126698FCC00D6778B /* CollectionDTOMapper.swift */ = {isa = PBXFileReference; lastKnownFileType = sourcecode.swift; path = CollectionDTOMapper.swift; sourceTree = "<group>"; };
		3A3214A526698FCC00D6778B /* CollectionViewModelMapper.swift */ = {isa = PBXFileReference; lastKnownFileType = sourcecode.swift; path = CollectionViewModelMapper.swift; sourceTree = "<group>"; };
		3A3214A926698FCC00D6778B /* YourCollectionViewCellModel.swift */ = {isa = PBXFileReference; lastKnownFileType = sourcecode.swift; path = YourCollectionViewCellModel.swift; sourceTree = "<group>"; };
		3A3214AD26698FCC00D6778B /* RecommendedCollectionViewCellModel.swift */ = {isa = PBXFileReference; lastKnownFileType = sourcecode.swift; path = RecommendedCollectionViewCellModel.swift; sourceTree = "<group>"; };
		3A3214B126698FCC00D6778B /* RecommendedCellButtonState.swift */ = {isa = PBXFileReference; lastKnownFileType = sourcecode.swift; path = RecommendedCellButtonState.swift; sourceTree = "<group>"; };
		3A498F53266C179E008437F1 /* DiscoverCardsViewControllerProtocol.swift */ = {isa = PBXFileReference; lastKnownFileType = sourcecode.swift; path = DiscoverCardsViewControllerProtocol.swift; sourceTree = "<group>"; };
		3A498F57266C17C6008437F1 /* DiscoverCardsViewController.swift */ = {isa = PBXFileReference; lastKnownFileType = sourcecode.swift; path = DiscoverCardsViewController.swift; sourceTree = "<group>"; };
		3A498F5C266C2E2B008437F1 /* DiscoverCardsViewModel.swift */ = {isa = PBXFileReference; lastKnownFileType = sourcecode.swift; path = DiscoverCardsViewModel.swift; sourceTree = "<group>"; };
		3A498F62266C2E62008437F1 /* DiscoverCardsViewModelProtocol.swift */ = {isa = PBXFileReference; lastKnownFileType = sourcecode.swift; path = DiscoverCardsViewModelProtocol.swift; sourceTree = "<group>"; };
		3A930ED5265C1909000FD3EB /* Gainy.app */ = {isa = PBXFileReference; explicitFileType = wrapper.application; includeInIndex = 0; path = Gainy.app; sourceTree = BUILT_PRODUCTS_DIR; };
		3A930ED8265C1909000FD3EB /* AppDelegate.swift */ = {isa = PBXFileReference; lastKnownFileType = sourcecode.swift; path = AppDelegate.swift; sourceTree = "<group>"; };
		3A930EDA265C1909000FD3EB /* SceneDelegate.swift */ = {isa = PBXFileReference; lastKnownFileType = sourcecode.swift; path = SceneDelegate.swift; sourceTree = "<group>"; };
		3A930EDC265C1909000FD3EB /* DiscoverCollectionsViewController.swift */ = {isa = PBXFileReference; lastKnownFileType = sourcecode.swift; path = DiscoverCollectionsViewController.swift; sourceTree = "<group>"; };
		3A930EE1265C190C000FD3EB /* Assets.xcassets */ = {isa = PBXFileReference; lastKnownFileType = folder.assetcatalog; path = Assets.xcassets; sourceTree = "<group>"; };
		3A930EE4265C190C000FD3EB /* Base */ = {isa = PBXFileReference; lastKnownFileType = file.storyboard; name = Base; path = Base.lproj/LaunchScreen.storyboard; sourceTree = "<group>"; };
		3A930EE6265C190C000FD3EB /* Info.plist */ = {isa = PBXFileReference; lastKnownFileType = text.plist.xml; path = Info.plist; sourceTree = "<group>"; };
		3A930EEB265C190C000FD3EB /* GainyTests.xctest */ = {isa = PBXFileReference; explicitFileType = wrapper.cfbundle; includeInIndex = 0; path = GainyTests.xctest; sourceTree = BUILT_PRODUCTS_DIR; };
		3A930EEF265C190C000FD3EB /* GainyTests.swift */ = {isa = PBXFileReference; lastKnownFileType = sourcecode.swift; path = GainyTests.swift; sourceTree = "<group>"; };
		3A930EF1265C190C000FD3EB /* Info.plist */ = {isa = PBXFileReference; lastKnownFileType = text.plist.xml; path = Info.plist; sourceTree = "<group>"; };
		3A930EF6265C190C000FD3EB /* GainyUITests.xctest */ = {isa = PBXFileReference; explicitFileType = wrapper.cfbundle; includeInIndex = 0; path = GainyUITests.xctest; sourceTree = BUILT_PRODUCTS_DIR; };
		3A930EFA265C190C000FD3EB /* GainyUITests.swift */ = {isa = PBXFileReference; lastKnownFileType = sourcecode.swift; path = GainyUITests.swift; sourceTree = "<group>"; };
		3A930EFC265C190C000FD3EB /* Info.plist */ = {isa = PBXFileReference; lastKnownFileType = text.plist.xml; path = Info.plist; sourceTree = "<group>"; };
		3A9FB0DC266AAF4A00EC85D4 /* ApolloCore.framework */ = {isa = PBXFileReference; explicitFileType = wrapper.framework; path = ApolloCore.framework; sourceTree = BUILT_PRODUCTS_DIR; };
		3A9FB0E1266B853100EC85D4 /* RecommendedCollectionsHeaderView.swift */ = {isa = PBXFileReference; lastKnownFileType = sourcecode.swift; path = RecommendedCollectionsHeaderView.swift; sourceTree = "<group>"; };
		3A9FB0E5266B853200EC85D4 /* RoundedCornerView.swift */ = {isa = PBXFileReference; lastKnownFileType = sourcecode.swift; path = RoundedCornerView.swift; sourceTree = "<group>"; };
		3AA1CA73266A643C005C0712 /* UIFont+Rounded.swift */ = {isa = PBXFileReference; lastKnownFileType = sourcecode.swift; path = "UIFont+Rounded.swift"; sourceTree = "<group>"; };
		3AA52C7E2660101B006A6961 /* schema.json */ = {isa = PBXFileReference; lastKnownFileType = text.json; path = schema.json; sourceTree = "<group>"; };
		3AA52C85266012D8006A6961 /* Collections.graphql */ = {isa = PBXFileReference; lastKnownFileType = text; path = Collections.graphql; sourceTree = "<group>"; };
		3AA52C90266013E1006A6961 /* Network.swift */ = {isa = PBXFileReference; lastKnownFileType = sourcecode.swift; path = Network.swift; sourceTree = "<group>"; };
		3AA52C96266014BB006A6961 /* Apollo.framework */ = {isa = PBXFileReference; explicitFileType = wrapper.framework; path = Apollo.framework; sourceTree = BUILT_PRODUCTS_DIR; };
		3AA52C9E26601697006A6961 /* API.swift */ = {isa = PBXFileReference; fileEncoding = 4; lastKnownFileType = sourcecode.swift; path = API.swift; sourceTree = "<group>"; };
		3ABECD3C26810052003D27D9 /* CollectionDetailsViewCell.swift */ = {isa = PBXFileReference; lastKnownFileType = sourcecode.swift; path = CollectionDetailsViewCell.swift; sourceTree = "<group>"; };
		3AD40F5C266021BD005679DE /* BundleReader.swift */ = {isa = PBXFileReference; lastKnownFileType = sourcecode.swift; path = BundleReader.swift; sourceTree = "<group>"; };
		3AD40FA226682A27005679DE /* UICollectionView+ReuseCells.swift */ = {isa = PBXFileReference; lastKnownFileType = sourcecode.swift; path = "UICollectionView+ReuseCells.swift"; sourceTree = "<group>"; };
		3AD40FA626682B2B005679DE /* UICollectionReusableView+ReusableView.swift */ = {isa = PBXFileReference; lastKnownFileType = sourcecode.swift; path = "UICollectionReusableView+ReusableView.swift"; sourceTree = "<group>"; };
		3AD40FB4266923C1005679DE /* DiscoverCollectionsViewModelProtocol.swift */ = {isa = PBXFileReference; lastKnownFileType = sourcecode.swift; path = DiscoverCollectionsViewModelProtocol.swift; sourceTree = "<group>"; };
		3AD40FB9266923C1005679DE /* YourCollectionsSectionLayout.swift */ = {isa = PBXFileReference; lastKnownFileType = sourcecode.swift; path = YourCollectionsSectionLayout.swift; sourceTree = "<group>"; };
		3AD40FBD266923C1005679DE /* RecommendedCollectionsSectionLayout.swift */ = {isa = PBXFileReference; lastKnownFileType = sourcecode.swift; path = RecommendedCollectionsSectionLayout.swift; sourceTree = "<group>"; };
		3AD40FC2266923C1005679DE /* SectionLayout.swift */ = {isa = PBXFileReference; lastKnownFileType = sourcecode.swift; path = SectionLayout.swift; sourceTree = "<group>"; };
		3AD40FC8266923C1005679DE /* DiscoverCollectionsViewControllerProtocol.swift */ = {isa = PBXFileReference; lastKnownFileType = sourcecode.swift; path = DiscoverCollectionsViewControllerProtocol.swift; sourceTree = "<group>"; };
		3AD40FCF26693D75005679DE /* UICollectionView+ReusableHeaderSection.swift */ = {isa = PBXFileReference; lastKnownFileType = sourcecode.swift; path = "UICollectionView+ReusableHeaderSection.swift"; sourceTree = "<group>"; };
		3AE79524266219F3002B40D6 /* Collection.swift */ = {isa = PBXFileReference; lastKnownFileType = sourcecode.swift; path = Collection.swift; sourceTree = "<group>"; };
		3AE7952C266222CC002B40D6 /* YourCollectionViewCell.swift */ = {isa = PBXFileReference; lastKnownFileType = sourcecode.swift; path = YourCollectionViewCell.swift; sourceTree = "<group>"; };
		3AE79535266267C1002B40D6 /* YourCollectionsHeaderView.swift */ = {isa = PBXFileReference; lastKnownFileType = sourcecode.swift; path = YourCollectionsHeaderView.swift; sourceTree = "<group>"; };
		3AE79540266276DC002B40D6 /* RecommendedCollectionViewCell.swift */ = {isa = PBXFileReference; lastKnownFileType = sourcecode.swift; path = RecommendedCollectionViewCell.swift; sourceTree = "<group>"; };
		3AE795452662A0A9002B40D6 /* DummyDataSource.swift */ = {isa = PBXFileReference; lastKnownFileType = sourcecode.swift; path = DummyDataSource.swift; sourceTree = "<group>"; };
		3AE7954B2662A85D002B40D6 /* UIColor+Gainy.swift */ = {isa = PBXFileReference; lastKnownFileType = sourcecode.swift; path = "UIColor+Gainy.swift"; sourceTree = "<group>"; };
		3AE795572662AE80002B40D6 /* Reachability.swift */ = {isa = PBXFileReference; lastKnownFileType = sourcecode.swift; path = Reachability.swift; sourceTree = "<group>"; };
		3AE79560266382B0002B40D6 /* CoordinatorFactoryProtocol.swift */ = {isa = PBXFileReference; lastKnownFileType = sourcecode.swift; path = CoordinatorFactoryProtocol.swift; sourceTree = "<group>"; };
		3AE79568266382EF002B40D6 /* CoordinatorFactory.swift */ = {isa = PBXFileReference; lastKnownFileType = sourcecode.swift; path = CoordinatorFactory.swift; sourceTree = "<group>"; };
		3AE7956D26638349002B40D6 /* Coordinator.swift */ = {isa = PBXFileReference; lastKnownFileType = sourcecode.swift; path = Coordinator.swift; sourceTree = "<group>"; };
		3AE7957526638360002B40D6 /* BaseCoordinator.swift */ = {isa = PBXFileReference; lastKnownFileType = sourcecode.swift; path = BaseCoordinator.swift; sourceTree = "<group>"; };
		3AE7957A2663837F002B40D6 /* ViewControllerFactory.swift */ = {isa = PBXFileReference; lastKnownFileType = sourcecode.swift; path = ViewControllerFactory.swift; sourceTree = "<group>"; };
		3AE7958226638406002B40D6 /* AppCoordinator.swift */ = {isa = PBXFileReference; lastKnownFileType = sourcecode.swift; path = AppCoordinator.swift; sourceTree = "<group>"; };
		3AE7958B2663855C002B40D6 /* Router.swift */ = {isa = PBXFileReference; lastKnownFileType = sourcecode.swift; path = Router.swift; sourceTree = "<group>"; };
		3AE7959426638596002B40D6 /* Presentable.swift */ = {isa = PBXFileReference; lastKnownFileType = sourcecode.swift; path = Presentable.swift; sourceTree = "<group>"; };
		3AE79599266385C1002B40D6 /* BaseViewControllerProtocol.swift */ = {isa = PBXFileReference; lastKnownFileType = sourcecode.swift; path = BaseViewControllerProtocol.swift; sourceTree = "<group>"; };
		3AE7959E266385E1002B40D6 /* CoordinatorFinishOutput.swift */ = {isa = PBXFileReference; lastKnownFileType = sourcecode.swift; path = CoordinatorFinishOutput.swift; sourceTree = "<group>"; };
		3AE795AA2663866E002B40D6 /* UIViewController+Presentable.swift */ = {isa = PBXFileReference; lastKnownFileType = sourcecode.swift; path = "UIViewController+Presentable.swift"; sourceTree = "<group>"; };
		3AE795B6266386B8002B40D6 /* LaunchInstructor.swift */ = {isa = PBXFileReference; lastKnownFileType = sourcecode.swift; path = LaunchInstructor.swift; sourceTree = "<group>"; };
		3AE795D526638F4E002B40D6 /* DeepLinkOption.swift */ = {isa = PBXFileReference; lastKnownFileType = sourcecode.swift; path = DeepLinkOption.swift; sourceTree = "<group>"; };
		3AE795E626638FBE002B40D6 /* MainCoordinator.swift */ = {isa = PBXFileReference; lastKnownFileType = sourcecode.swift; path = MainCoordinator.swift; sourceTree = "<group>"; };
		3AE90353266A2FDF00574923 /* AppsFlyerLib.framework */ = {isa = PBXFileReference; lastKnownFileType = wrapper.framework; path = AppsFlyerLib.framework; sourceTree = "<group>"; };
		3AE90363266A4EFD00574923 /* AFEvent.swift */ = {isa = PBXFileReference; lastKnownFileType = sourcecode.swift; path = AFEvent.swift; sourceTree = "<group>"; };
		3AE90369266A507900574923 /* AFParameter.swift */ = {isa = PBXFileReference; lastKnownFileType = sourcecode.swift; path = AFParameter.swift; sourceTree = "<group>"; };
		3AE9036D266A507A00574923 /* Config.xcconfig */ = {isa = PBXFileReference; lastKnownFileType = text.xcconfig; path = Config.xcconfig; sourceTree = "<group>"; };
		3AE9036E266A507A00574923 /* AFConfig.swift */ = {isa = PBXFileReference; lastKnownFileType = sourcecode.swift; path = AFConfig.swift; sourceTree = "<group>"; };
		3AEF699E2662025B00B01BB3 /* DiscoverCollectionsViewModel.swift */ = {isa = PBXFileReference; lastKnownFileType = sourcecode.swift; path = DiscoverCollectionsViewModel.swift; sourceTree = "<group>"; };
		3AFE1A6C266E4A600091E799 /* UINavigationController+SetStatusBar.swift */ = {isa = PBXFileReference; lastKnownFileType = sourcecode.swift; path = "UINavigationController+SetStatusBar.swift"; sourceTree = "<group>"; };
		3AFE1A70266E4A7A0091E799 /* UIDevice+HasTopNotch.swift */ = {isa = PBXFileReference; lastKnownFileType = sourcecode.swift; path = "UIDevice+HasTopNotch.swift"; sourceTree = "<group>"; };
		3AFE1A7D266E51DC0091E799 /* SFProDisplay-Regular.ttf */ = {isa = PBXFileReference; lastKnownFileType = file; path = "SFProDisplay-Regular.ttf"; sourceTree = "<group>"; };
		3AFE1A84266E540C0091E799 /* SFProDisplay-Semibold.ttf */ = {isa = PBXFileReference; lastKnownFileType = file; path = "SFProDisplay-Semibold.ttf"; sourceTree = "<group>"; };
		3AFE1A86266E540C0091E799 /* SFProDisplay-Bold.ttf */ = {isa = PBXFileReference; lastKnownFileType = file; path = "SFProDisplay-Bold.ttf"; sourceTree = "<group>"; };
		3AFE1A91266E5C7A0091E799 /* SFCompactRounded-Medium.otf */ = {isa = PBXFileReference; lastKnownFileType = file; path = "SFCompactRounded-Medium.otf"; sourceTree = "<group>"; };
		3AFE1A92266E5C7A0091E799 /* SFCompactRounded-Semibold.otf */ = {isa = PBXFileReference; lastKnownFileType = file; path = "SFCompactRounded-Semibold.otf"; sourceTree = "<group>"; };
/* End PBXFileReference section */

/* Begin PBXFrameworksBuildPhase section */
		3A930ED2265C1909000FD3EB /* Frameworks */ = {
			isa = PBXFrameworksBuildPhase;
			buildActionMask = 2147483647;
			files = (
				3AA52C97266014BB006A6961 /* Apollo.framework in Frameworks */,
				3AE90354266A2FDF00574923 /* AppsFlyerLib.framework in Frameworks */,
				3A9FB0DD266AAF4A00EC85D4 /* ApolloCore.framework in Frameworks */,
			);
			runOnlyForDeploymentPostprocessing = 0;
		};
		3A930EE8265C190C000FD3EB /* Frameworks */ = {
			isa = PBXFrameworksBuildPhase;
			buildActionMask = 2147483647;
			files = (
			);
			runOnlyForDeploymentPostprocessing = 0;
		};
		3A930EF3265C190C000FD3EB /* Frameworks */ = {
			isa = PBXFrameworksBuildPhase;
			buildActionMask = 2147483647;
			files = (
			);
			runOnlyForDeploymentPostprocessing = 0;
		};
/* End PBXFrameworksBuildPhase section */

/* Begin PBXGroup section */
		3A01FBFB26873837007F6FA3 /* CollectionDetailsViewCell */ = {
			isa = PBXGroup;
			children = (
				3A01FBE42682396F007F6FA3 /* CollectionHorizontalView.swift */,
				3ABECD3C26810052003D27D9 /* CollectionDetailsViewCell.swift */,
			);
			path = CollectionDetailsViewCell;
			sourceTree = "<group>";
		};
		3A498F4F266C16D7008437F1 /* DiscoveryCardsView */ = {
			isa = PBXGroup;
			children = (
				3A01FBFB26873837007F6FA3 /* CollectionDetailsViewCell */,
			);
			path = DiscoveryCardsView;
			sourceTree = "<group>";
		};
		3A498F50266C1745008437F1 /* DiscoverCards */ = {
			isa = PBXGroup;
			children = (
				3A498F5B266C2E0D008437F1 /* ViewModel */,
				3A498F53266C179E008437F1 /* DiscoverCardsViewControllerProtocol.swift */,
				3A498F57266C17C6008437F1 /* DiscoverCardsViewController.swift */,
			);
			path = DiscoverCards;
			sourceTree = "<group>";
		};
		3A498F5B266C2E0D008437F1 /* ViewModel */ = {
			isa = PBXGroup;
			children = (
				3A498F62266C2E62008437F1 /* DiscoverCardsViewModelProtocol.swift */,
				3A498F5C266C2E2B008437F1 /* DiscoverCardsViewModel.swift */,
			);
			path = ViewModel;
			sourceTree = "<group>";
		};
		3A930ECC265C1909000FD3EB = {
			isa = PBXGroup;
			children = (
				3A930ED7265C1909000FD3EB /* Gainy */,
				3A930EEE265C190C000FD3EB /* GainyTests */,
				3A930EF9265C190C000FD3EB /* GainyUITests */,
				3A930ED6265C1909000FD3EB /* Products */,
				3AA52C95266014BB006A6961 /* Frameworks */,
			);
			sourceTree = "<group>";
		};
		3A930ED6265C1909000FD3EB /* Products */ = {
			isa = PBXGroup;
			children = (
				3A930ED5265C1909000FD3EB /* Gainy.app */,
				3A930EEB265C190C000FD3EB /* GainyTests.xctest */,
				3A930EF6265C190C000FD3EB /* GainyUITests.xctest */,
			);
			name = Products;
			sourceTree = "<group>";
		};
		3A930ED7265C1909000FD3EB /* Gainy */ = {
			isa = PBXGroup;
			children = (
				3A930F17265C1B8D000FD3EB /* AppCore */,
				3A930F21265C1C6B000FD3EB /* Services */,
				3AE7954A2662A824002B40D6 /* Extensions */,
				3AE7955F26638264002B40D6 /* Coordinator */,
				3A930F1C265C1BA2000FD3EB /* View */,
				3A930F1F265C1BD0000FD3EB /* Controllers */,
				3AE79523266218B1002B40D6 /* Model */,
				3A930F1B265C1B96000FD3EB /* Resources */,
				3AE90346266A2FDF00574923 /* ThirdParty */,
				3A930F1E265C1BBF000FD3EB /* Supporting Files */,
			);
			path = Gainy;
			sourceTree = "<group>";
		};
		3A930EEE265C190C000FD3EB /* GainyTests */ = {
			isa = PBXGroup;
			children = (
				3A930EEF265C190C000FD3EB /* GainyTests.swift */,
				3A930EF1265C190C000FD3EB /* Info.plist */,
			);
			path = GainyTests;
			sourceTree = "<group>";
		};
		3A930EF9265C190C000FD3EB /* GainyUITests */ = {
			isa = PBXGroup;
			children = (
				3A930EFA265C190C000FD3EB /* GainyUITests.swift */,
				3A930EFC265C190C000FD3EB /* Info.plist */,
			);
			path = GainyUITests;
			sourceTree = "<group>";
		};
		3A930F17265C1B8D000FD3EB /* AppCore */ = {
			isa = PBXGroup;
			children = (
				3A930ED8265C1909000FD3EB /* AppDelegate.swift */,
				3A930EDA265C1909000FD3EB /* SceneDelegate.swift */,
			);
			path = AppCore;
			sourceTree = "<group>";
		};
		3A930F1B265C1B96000FD3EB /* Resources */ = {
			isa = PBXGroup;
			children = (
				3AFE1A74266E4F1F0091E799 /* Fonts */,
				3A930EE1265C190C000FD3EB /* Assets.xcassets */,
				3AE9036D266A507A00574923 /* Config.xcconfig */,
			);
			path = Resources;
			sourceTree = "<group>";
		};
		3A930F1C265C1BA2000FD3EB /* View */ = {
			isa = PBXGroup;
			children = (
				3AD40FC1266923C1005679DE /* CollectionViewLayout */,
				3AE79529266222A8002B40D6 /* DiscoveryCollectionsView */,
				3A498F4F266C16D7008437F1 /* DiscoveryCardsView */,
				3A930F1D265C1BA9000FD3EB /* Storyboards */,
			);
			path = View;
			sourceTree = "<group>";
		};
		3A930F1D265C1BA9000FD3EB /* Storyboards */ = {
			isa = PBXGroup;
			children = (
				3A930EE3265C190C000FD3EB /* LaunchScreen.storyboard */,
			);
			path = Storyboards;
			sourceTree = "<group>";
		};
		3A930F1E265C1BBF000FD3EB /* Supporting Files */ = {
			isa = PBXGroup;
			children = (
				3A930EE6265C190C000FD3EB /* Info.plist */,
			);
			path = "Supporting Files";
			sourceTree = "<group>";
		};
		3A930F1F265C1BD0000FD3EB /* Controllers */ = {
			isa = PBXGroup;
			children = (
				3AD40FCC266923C1005679DE /* DiscoverCollections */,
				3A498F50266C1745008437F1 /* DiscoverCards */,
			);
			path = Controllers;
			sourceTree = "<group>";
		};
		3A930F21265C1C6B000FD3EB /* Services */ = {
			isa = PBXGroup;
			children = (
				3AE90361266A4EDE00574923 /* Analytics */,
				3AD40F5B266021AA005679DE /* LocalBundleReader */,
				3AA52C7B26600FEC006A6961 /* GraphQL */,
				3AE795562662AE65002B40D6 /* Reachability */,
			);
			path = Services;
			sourceTree = "<group>";
		};
		3AA52C7B26600FEC006A6961 /* GraphQL */ = {
			isa = PBXGroup;
			children = (
				3AA52C90266013E1006A6961 /* Network.swift */,
				3AA52C7C26600FF2006A6961 /* Schema */,
			);
			path = GraphQL;
			sourceTree = "<group>";
		};
		3AA52C7C26600FF2006A6961 /* Schema */ = {
			isa = PBXGroup;
			children = (
				3AA52C9E26601697006A6961 /* API.swift */,
				3AA52C7E2660101B006A6961 /* schema.json */,
				3AA52C85266012D8006A6961 /* Collections.graphql */,
			);
			path = Schema;
			sourceTree = "<group>";
		};
		3AA52C95266014BB006A6961 /* Frameworks */ = {
			isa = PBXGroup;
			children = (
				3A9FB0DC266AAF4A00EC85D4 /* ApolloCore.framework */,
				3AA52C96266014BB006A6961 /* Apollo.framework */,
			);
			name = Frameworks;
			sourceTree = "<group>";
		};
		3AD40F5B266021AA005679DE /* LocalBundleReader */ = {
			isa = PBXGroup;
			children = (
				3AD40F5C266021BD005679DE /* BundleReader.swift */,
			);
			path = LocalBundleReader;
			sourceTree = "<group>";
		};
		3AD40FB8266923C1005679DE /* CollectionSection */ = {
			isa = PBXGroup;
			children = (
				3AD40FB9266923C1005679DE /* YourCollectionsSectionLayout.swift */,
				3AD40FBD266923C1005679DE /* RecommendedCollectionsSectionLayout.swift */,
			);
			path = CollectionSection;
			sourceTree = "<group>";
		};
		3AD40FC1266923C1005679DE /* CollectionViewLayout */ = {
			isa = PBXGroup;
			children = (
				3AD40FC2266923C1005679DE /* SectionLayout.swift */,
				3A9FB0E5266B853200EC85D4 /* RoundedCornerView.swift */,
			);
			path = CollectionViewLayout;
			sourceTree = "<group>";
		};
		3AD40FCC266923C1005679DE /* DiscoverCollections */ = {
			isa = PBXGroup;
			children = (
				3AEF69A22662027A00B01BB3 /* ViewModel */,
				3AD40FC8266923C1005679DE /* DiscoverCollectionsViewControllerProtocol.swift */,
				3A930EDC265C1909000FD3EB /* DiscoverCollectionsViewController.swift */,
			);
			path = DiscoverCollections;
			sourceTree = "<group>";
		};
		3AE79523266218B1002B40D6 /* Model */ = {
			isa = PBXGroup;
			children = (
				3AE79524266219F3002B40D6 /* Collection.swift */,
				3A3214A126698FCC00D6778B /* CollectionDTOMapper.swift */,
				3AE795452662A0A9002B40D6 /* DummyDataSource.swift */,
				3A3214A526698FCC00D6778B /* CollectionViewModelMapper.swift */,
			);
			path = Model;
			sourceTree = "<group>";
		};
		3AE79529266222A8002B40D6 /* DiscoveryCollectionsView */ = {
			isa = PBXGroup;
			children = (
				3AE7952A266222B2002B40D6 /* DiscoveredCollections */,
			);
			path = DiscoveryCollectionsView;
			sourceTree = "<group>";
		};
		3AE7952A266222B2002B40D6 /* DiscoveredCollections */ = {
			isa = PBXGroup;
			children = (
				3AD40FB8266923C1005679DE /* CollectionSection */,
				3AE79534266267A1002B40D6 /* YourCollectionsHeader */,
				3AE7952B266222B9002B40D6 /* YourCollectionViewCell */,
			);
			path = DiscoveredCollections;
			sourceTree = "<group>";
		};
		3AE7952B266222B9002B40D6 /* YourCollectionViewCell */ = {
			isa = PBXGroup;
			children = (
				3AE7952C266222CC002B40D6 /* YourCollectionViewCell.swift */,
				3AE79540266276DC002B40D6 /* RecommendedCollectionViewCell.swift */,
			);
			path = YourCollectionViewCell;
			sourceTree = "<group>";
		};
		3AE79534266267A1002B40D6 /* YourCollectionsHeader */ = {
			isa = PBXGroup;
			children = (
				3AE79535266267C1002B40D6 /* YourCollectionsHeaderView.swift */,
				3A9FB0E1266B853100EC85D4 /* RecommendedCollectionsHeaderView.swift */,
			);
			path = YourCollectionsHeader;
			sourceTree = "<group>";
		};
		3AE7954A2662A824002B40D6 /* Extensions */ = {
			isa = PBXGroup;
			children = (
				3AE7954B2662A85D002B40D6 /* UIColor+Gainy.swift */,
				3AE795AA2663866E002B40D6 /* UIViewController+Presentable.swift */,
				3AD40FA226682A27005679DE /* UICollectionView+ReuseCells.swift */,
				3AD40FCF26693D75005679DE /* UICollectionView+ReusableHeaderSection.swift */,
				3AD40FA626682B2B005679DE /* UICollectionReusableView+ReusableView.swift */,
				3AA1CA73266A643C005C0712 /* UIFont+Rounded.swift */,
				3AFE1A6C266E4A600091E799 /* UINavigationController+SetStatusBar.swift */,
				3AFE1A70266E4A7A0091E799 /* UIDevice+HasTopNotch.swift */,
			);
			path = Extensions;
			sourceTree = "<group>";
		};
		3AE795562662AE65002B40D6 /* Reachability */ = {
			isa = PBXGroup;
			children = (
				3AE795572662AE80002B40D6 /* Reachability.swift */,
			);
			path = Reachability;
			sourceTree = "<group>";
		};
		3AE7955F26638264002B40D6 /* Coordinator */ = {
			isa = PBXGroup;
			children = (
				3AE795BB26638999002B40D6 /* Coordinators */,
				3AE795A62663860C002B40D6 /* Factory */,
				3AE7959326638586002B40D6 /* Protocols */,
				3AE7958A26638554002B40D6 /* Router */,
				3AE7957526638360002B40D6 /* BaseCoordinator.swift */,
				3AE795B6266386B8002B40D6 /* LaunchInstructor.swift */,
				3AE795D526638F4E002B40D6 /* DeepLinkOption.swift */,
			);
			path = Coordinator;
			sourceTree = "<group>";
		};
		3AE7958A26638554002B40D6 /* Router */ = {
			isa = PBXGroup;
			children = (
				3AE7958B2663855C002B40D6 /* Router.swift */,
			);
			path = Router;
			sourceTree = "<group>";
		};
		3AE7959326638586002B40D6 /* Protocols */ = {
			isa = PBXGroup;
			children = (
				3AE79599266385C1002B40D6 /* BaseViewControllerProtocol.swift */,
				3AE7956D26638349002B40D6 /* Coordinator.swift */,
				3AE79560266382B0002B40D6 /* CoordinatorFactoryProtocol.swift */,
				3AE7959E266385E1002B40D6 /* CoordinatorFinishOutput.swift */,
				3AE7959426638596002B40D6 /* Presentable.swift */,
			);
			path = Protocols;
			sourceTree = "<group>";
		};
		3AE795A62663860C002B40D6 /* Factory */ = {
			isa = PBXGroup;
			children = (
				3AE79568266382EF002B40D6 /* CoordinatorFactory.swift */,
				3AE7957A2663837F002B40D6 /* ViewControllerFactory.swift */,
			);
			path = Factory;
			sourceTree = "<group>";
		};
		3AE795BB26638999002B40D6 /* Coordinators */ = {
			isa = PBXGroup;
			children = (
				3AE7958226638406002B40D6 /* AppCoordinator.swift */,
				3AE795E626638FBE002B40D6 /* MainCoordinator.swift */,
			);
			path = Coordinators;
			sourceTree = "<group>";
		};
		3AE90346266A2FDF00574923 /* ThirdParty */ = {
			isa = PBXGroup;
			children = (
				3AE90353266A2FDF00574923 /* AppsFlyerLib.framework */,
			);
			path = ThirdParty;
			sourceTree = "<group>";
		};
		3AE90361266A4EDE00574923 /* Analytics */ = {
			isa = PBXGroup;
			children = (
				3AE90362266A4EEC00574923 /* AppsFlyer */,
			);
			path = Analytics;
			sourceTree = "<group>";
		};
		3AE90362266A4EEC00574923 /* AppsFlyer */ = {
			isa = PBXGroup;
			children = (
				3AE90363266A4EFD00574923 /* AFEvent.swift */,
				3AE90369266A507900574923 /* AFParameter.swift */,
				3AE9036E266A507A00574923 /* AFConfig.swift */,
			);
			path = AppsFlyer;
			sourceTree = "<group>";
		};
		3AEF69A22662027A00B01BB3 /* ViewModel */ = {
			isa = PBXGroup;
			children = (
				3AD40FB4266923C1005679DE /* DiscoverCollectionsViewModelProtocol.swift */,
				3AEF699E2662025B00B01BB3 /* DiscoverCollectionsViewModel.swift */,
				3A3214A926698FCC00D6778B /* YourCollectionViewCellModel.swift */,
				3A3214B126698FCC00D6778B /* RecommendedCellButtonState.swift */,
				3A3214AD26698FCC00D6778B /* RecommendedCollectionViewCellModel.swift */,
			);
			path = ViewModel;
			sourceTree = "<group>";
		};
		3AFE1A74266E4F1F0091E799 /* Fonts */ = {
			isa = PBXGroup;
			children = (
				3AFE1A91266E5C7A0091E799 /* SFCompactRounded-Medium.otf */,
				3A01FC1426885926007F6FA3 /* SFCompactRounded-Regular.otf */,
				3AFE1A92266E5C7A0091E799 /* SFCompactRounded-Semibold.otf */,
				3AFE1A7D266E51DC0091E799 /* SFProDisplay-Regular.ttf */,
				3AFE1A84266E540C0091E799 /* SFProDisplay-Semibold.ttf */,
				3AFE1A86266E540C0091E799 /* SFProDisplay-Bold.ttf */,
			);
			path = Fonts;
			sourceTree = "<group>";
		};
/* End PBXGroup section */

/* Begin PBXNativeTarget section */
		3A930ED4265C1909000FD3EB /* Gainy */ = {
			isa = PBXNativeTarget;
			buildConfigurationList = 3A930EFF265C190C000FD3EB /* Build configuration list for PBXNativeTarget "Gainy" */;
			buildPhases = (
				3AA52C6E26600CCE006A6961 /* Apollo CLI */,
				3A930ED1265C1909000FD3EB /* Sources */,
				3A930ED2265C1909000FD3EB /* Frameworks */,
				3A930ED3265C1909000FD3EB /* Resources */,
				3A930F2E265CC679000FD3EB /* SwiftLint */,
				3AA52C99266014BB006A6961 /* Embed Frameworks */,
			);
			buildRules = (
			);
			dependencies = (
			);
			name = Gainy;
			productName = Gainy;
			productReference = 3A930ED5265C1909000FD3EB /* Gainy.app */;
			productType = "com.apple.product-type.application";
		};
		3A930EEA265C190C000FD3EB /* GainyTests */ = {
			isa = PBXNativeTarget;
			buildConfigurationList = 3A930F02265C190C000FD3EB /* Build configuration list for PBXNativeTarget "GainyTests" */;
			buildPhases = (
				3A930EE7265C190C000FD3EB /* Sources */,
				3A930EE8265C190C000FD3EB /* Frameworks */,
				3A930EE9265C190C000FD3EB /* Resources */,
			);
			buildRules = (
			);
			dependencies = (
				3A930EED265C190C000FD3EB /* PBXTargetDependency */,
			);
			name = GainyTests;
			productName = GainyTests;
			productReference = 3A930EEB265C190C000FD3EB /* GainyTests.xctest */;
			productType = "com.apple.product-type.bundle.unit-test";
		};
		3A930EF5265C190C000FD3EB /* GainyUITests */ = {
			isa = PBXNativeTarget;
			buildConfigurationList = 3A930F05265C190C000FD3EB /* Build configuration list for PBXNativeTarget "GainyUITests" */;
			buildPhases = (
				3A930EF2265C190C000FD3EB /* Sources */,
				3A930EF3265C190C000FD3EB /* Frameworks */,
				3A930EF4265C190C000FD3EB /* Resources */,
			);
			buildRules = (
			);
			dependencies = (
				3A930EF8265C190C000FD3EB /* PBXTargetDependency */,
			);
			name = GainyUITests;
			productName = GainyUITests;
			productReference = 3A930EF6265C190C000FD3EB /* GainyUITests.xctest */;
			productType = "com.apple.product-type.bundle.ui-testing";
		};
/* End PBXNativeTarget section */

/* Begin PBXProject section */
		3A930ECD265C1909000FD3EB /* Project object */ = {
			isa = PBXProject;
			attributes = {
				LastSwiftUpdateCheck = 1240;
				LastUpgradeCheck = 1240;
				TargetAttributes = {
					3A930ED4265C1909000FD3EB = {
						CreatedOnToolsVersion = 12.4;
					};
					3A930EEA265C190C000FD3EB = {
						CreatedOnToolsVersion = 12.4;
						TestTargetID = 3A930ED4265C1909000FD3EB;
					};
					3A930EF5265C190C000FD3EB = {
						CreatedOnToolsVersion = 12.4;
						TestTargetID = 3A930ED4265C1909000FD3EB;
					};
				};
			};
			buildConfigurationList = 3A930ED0265C1909000FD3EB /* Build configuration list for PBXProject "Gainy" */;
			compatibilityVersion = "Xcode 12.0";
			developmentRegion = en;
			hasScannedForEncodings = 0;
			knownRegions = (
				en,
				Base,
			);
			mainGroup = 3A930ECC265C1909000FD3EB;
			productRefGroup = 3A930ED6265C1909000FD3EB /* Products */;
			projectDirPath = "";
			projectRoot = "";
			targets = (
				3A930ED4265C1909000FD3EB /* Gainy */,
				3A930EEA265C190C000FD3EB /* GainyTests */,
				3A930EF5265C190C000FD3EB /* GainyUITests */,
			);
		};
/* End PBXProject section */

/* Begin PBXResourcesBuildPhase section */
		3A930ED3265C1909000FD3EB /* Resources */ = {
			isa = PBXResourcesBuildPhase;
			buildActionMask = 2147483647;
			files = (
				3AA52C86266012D8006A6961 /* Collections.graphql in Resources */,
				3AFE1A88266E540C0091E799 /* SFProDisplay-Semibold.ttf in Resources */,
				3A01FC1526885926007F6FA3 /* SFCompactRounded-Regular.otf in Resources */,
				3A930EE5265C190C000FD3EB /* LaunchScreen.storyboard in Resources */,
				3A930EE2265C190C000FD3EB /* Assets.xcassets in Resources */,
				3AFE1A7E266E51DC0091E799 /* SFProDisplay-Regular.ttf in Resources */,
				3AFE1A94266E5C7A0091E799 /* SFCompactRounded-Semibold.otf in Resources */,
				3AFE1A8A266E540C0091E799 /* SFProDisplay-Bold.ttf in Resources */,
				3AFE1A93266E5C7A0091E799 /* SFCompactRounded-Medium.otf in Resources */,
			);
			runOnlyForDeploymentPostprocessing = 0;
		};
		3A930EE9265C190C000FD3EB /* Resources */ = {
			isa = PBXResourcesBuildPhase;
			buildActionMask = 2147483647;
			files = (
			);
			runOnlyForDeploymentPostprocessing = 0;
		};
		3A930EF4265C190C000FD3EB /* Resources */ = {
			isa = PBXResourcesBuildPhase;
			buildActionMask = 2147483647;
			files = (
			);
			runOnlyForDeploymentPostprocessing = 0;
		};
/* End PBXResourcesBuildPhase section */

/* Begin PBXShellScriptBuildPhase section */
		3A930F2E265CC679000FD3EB /* SwiftLint */ = {
			isa = PBXShellScriptBuildPhase;
			buildActionMask = 2147483647;
			files = (
			);
			inputFileListPaths = (
			);
			inputPaths = (
			);
			name = SwiftLint;
			outputFileListPaths = (
			);
			outputPaths = (
			);
			runOnlyForDeploymentPostprocessing = 0;
			shellPath = /bin/sh;
			shellScript = "if which swiftlint >/dev/null; then\n  swiftlint --config \"${SRCROOT}/../.swiftlint.yml\"\nelse\n  echo \"WARNING: SwiftLint not installed, use brew to install it.\"\nfi\n";
		};
		3AA52C6E26600CCE006A6961 /* Apollo CLI */ = {
			isa = PBXShellScriptBuildPhase;
			buildActionMask = 2147483647;
			files = (
			);
			inputFileListPaths = (
			);
			inputPaths = (
			);
			name = "Apollo CLI";
			outputFileListPaths = (
			);
			outputPaths = (
			);
			runOnlyForDeploymentPostprocessing = 0;
			shellPath = /bin/sh;
			shellScript = "SCRIPT_PATH=\"${PROJECT_DIR}/../apollo-ios-0.43.0/scripts\"\ncd \"${SRCROOT}/${TARGET_NAME}\"\n\"${SCRIPT_PATH}\"/run-bundled-codegen.sh codegen:generate --target=swift --includes=./**/*.graphql --localSchemaFile=\"Services/GraphQL/Schema/schema.json\" \"${PROJECT_DIR}/Gainy/Services/GraphQL/Schema/API.swift\"\n\n#\"${SCRIPT_PATH}\"/run-bundled-codegen.sh schema:download --endpoint=\"https://gainy-dev.herokuapp.com/v1/graphql\" --header=\"x-hasura-admin-secret: TOKEN\"\n";
		};
/* End PBXShellScriptBuildPhase section */

/* Begin PBXSourcesBuildPhase section */
		3A930ED1265C1909000FD3EB /* Sources */ = {
			isa = PBXSourcesBuildPhase;
			buildActionMask = 2147483647;
			files = (
				3AD40FBE266923C1005679DE /* RecommendedCollectionsSectionLayout.swift in Sources */,
				3AD40FD026693D75005679DE /* UICollectionView+ReusableHeaderSection.swift in Sources */,
				3A930EDD265C1909000FD3EB /* DiscoverCollectionsViewController.swift in Sources */,
				3AEF699F2662025B00B01BB3 /* DiscoverCollectionsViewModel.swift in Sources */,
				3AE795D626638F4E002B40D6 /* DeepLinkOption.swift in Sources */,
				3AE7958C2663855C002B40D6 /* Router.swift in Sources */,
				3A498F54266C179E008437F1 /* DiscoverCardsViewControllerProtocol.swift in Sources */,
				3A3214A226698FCC00D6778B /* CollectionDTOMapper.swift in Sources */,
				3AD40F5D266021BD005679DE /* BundleReader.swift in Sources */,
				3AE795E726638FBE002B40D6 /* MainCoordinator.swift in Sources */,
				3AE7959A266385C1002B40D6 /* BaseViewControllerProtocol.swift in Sources */,
				3AE79525266219F3002B40D6 /* Collection.swift in Sources */,
				3AE795B7266386B8002B40D6 /* LaunchInstructor.swift in Sources */,
				3AE795462662A0A9002B40D6 /* DummyDataSource.swift in Sources */,
				3AE79561266382B0002B40D6 /* CoordinatorFactoryProtocol.swift in Sources */,
				3AA52C9F26601697006A6961 /* API.swift in Sources */,
				3A3214B226698FCC00D6778B /* RecommendedCellButtonState.swift in Sources */,
				3A3214AA26698FCC00D6778B /* YourCollectionViewCellModel.swift in Sources */,
				3AFE1A6D266E4A600091E799 /* UINavigationController+SetStatusBar.swift in Sources */,
				3ABECD3D26810052003D27D9 /* CollectionDetailsViewCell.swift in Sources */,
				3AE7957626638360002B40D6 /* BaseCoordinator.swift in Sources */,
				3A9FB0E2266B853100EC85D4 /* RecommendedCollectionsHeaderView.swift in Sources */,
				3A498F5D266C2E2B008437F1 /* DiscoverCardsViewModel.swift in Sources */,
				3A498F58266C17C6008437F1 /* DiscoverCardsViewController.swift in Sources */,
				3AE90364266A4EFD00574923 /* AFEvent.swift in Sources */,
				3AE79541266276DC002B40D6 /* RecommendedCollectionViewCell.swift in Sources */,
				3A930ED9265C1909000FD3EB /* AppDelegate.swift in Sources */,
				3AE7952D266222CC002B40D6 /* YourCollectionViewCell.swift in Sources */,
				3AFE1A71266E4A7A0091E799 /* UIDevice+HasTopNotch.swift in Sources */,
				3AD40FC3266923C1005679DE /* SectionLayout.swift in Sources */,
				3AE79536266267C1002B40D6 /* YourCollectionsHeaderView.swift in Sources */,
				3AD40FB5266923C1005679DE /* DiscoverCollectionsViewModelProtocol.swift in Sources */,
				3A930EDB265C1909000FD3EB /* SceneDelegate.swift in Sources */,
				3A498F63266C2E62008437F1 /* DiscoverCardsViewModelProtocol.swift in Sources */,
				3AD40FA726682B2B005679DE /* UICollectionReusableView+ReusableView.swift in Sources */,
				3AA1CA74266A643C005C0712 /* UIFont+Rounded.swift in Sources */,
				3AE7957B2663837F002B40D6 /* ViewControllerFactory.swift in Sources */,
				3AE7954C2662A85D002B40D6 /* UIColor+Gainy.swift in Sources */,
				3AA52C91266013E1006A6961 /* Network.swift in Sources */,
				3AD40FC9266923C1005679DE /* DiscoverCollectionsViewControllerProtocol.swift in Sources */,
				3AE7959F266385E1002B40D6 /* CoordinatorFinishOutput.swift in Sources */,
				3AD40FA326682A27005679DE /* UICollectionView+ReuseCells.swift in Sources */,
				3AE795582662AE80002B40D6 /* Reachability.swift in Sources */,
				3AD40FBA266923C1005679DE /* YourCollectionsSectionLayout.swift in Sources */,
				3AE9036A266A507900574923 /* AFParameter.swift in Sources */,
				3AE795AB2663866E002B40D6 /* UIViewController+Presentable.swift in Sources */,
				3A3214A626698FCC00D6778B /* CollectionViewModelMapper.swift in Sources */,
				3AE79569266382EF002B40D6 /* CoordinatorFactory.swift in Sources */,
				3AE7959526638596002B40D6 /* Presentable.swift in Sources */,
				3A01FBE52682396F007F6FA3 /* CollectionHorizontalView.swift in Sources */,
				3AE7956E26638349002B40D6 /* Coordinator.swift in Sources */,
				3A3214AE26698FCC00D6778B /* RecommendedCollectionViewCellModel.swift in Sources */,
				3AE7958326638406002B40D6 /* AppCoordinator.swift in Sources */,
				3AE9036F266A507A00574923 /* AFConfig.swift in Sources */,
				3A9FB0E6266B853200EC85D4 /* RoundedCornerView.swift in Sources */,
			);
			runOnlyForDeploymentPostprocessing = 0;
		};
		3A930EE7265C190C000FD3EB /* Sources */ = {
			isa = PBXSourcesBuildPhase;
			buildActionMask = 2147483647;
			files = (
				3A930EF0265C190C000FD3EB /* GainyTests.swift in Sources */,
			);
			runOnlyForDeploymentPostprocessing = 0;
		};
		3A930EF2265C190C000FD3EB /* Sources */ = {
			isa = PBXSourcesBuildPhase;
			buildActionMask = 2147483647;
			files = (
				3A930EFB265C190C000FD3EB /* GainyUITests.swift in Sources */,
			);
			runOnlyForDeploymentPostprocessing = 0;
		};
/* End PBXSourcesBuildPhase section */

/* Begin PBXTargetDependency section */
		3A930EED265C190C000FD3EB /* PBXTargetDependency */ = {
			isa = PBXTargetDependency;
			target = 3A930ED4265C1909000FD3EB /* Gainy */;
			targetProxy = 3A930EEC265C190C000FD3EB /* PBXContainerItemProxy */;
		};
		3A930EF8265C190C000FD3EB /* PBXTargetDependency */ = {
			isa = PBXTargetDependency;
			target = 3A930ED4265C1909000FD3EB /* Gainy */;
			targetProxy = 3A930EF7265C190C000FD3EB /* PBXContainerItemProxy */;
		};
/* End PBXTargetDependency section */

/* Begin PBXVariantGroup section */
		3A930EE3265C190C000FD3EB /* LaunchScreen.storyboard */ = {
			isa = PBXVariantGroup;
			children = (
				3A930EE4265C190C000FD3EB /* Base */,
			);
			name = LaunchScreen.storyboard;
			sourceTree = "<group>";
		};
/* End PBXVariantGroup section */

/* Begin XCBuildConfiguration section */
		3A930EFD265C190C000FD3EB /* Debug */ = {
			isa = XCBuildConfiguration;
			buildSettings = {
				ALWAYS_SEARCH_USER_PATHS = NO;
				CLANG_ANALYZER_NONNULL = YES;
				CLANG_ANALYZER_NUMBER_OBJECT_CONVERSION = YES_AGGRESSIVE;
				CLANG_CXX_LANGUAGE_STANDARD = "gnu++14";
				CLANG_CXX_LIBRARY = "libc++";
				CLANG_ENABLE_MODULES = YES;
				CLANG_ENABLE_OBJC_ARC = YES;
				CLANG_ENABLE_OBJC_WEAK = YES;
				CLANG_WARN_BLOCK_CAPTURE_AUTORELEASING = YES;
				CLANG_WARN_BOOL_CONVERSION = YES;
				CLANG_WARN_COMMA = YES;
				CLANG_WARN_CONSTANT_CONVERSION = YES;
				CLANG_WARN_DEPRECATED_OBJC_IMPLEMENTATIONS = YES;
				CLANG_WARN_DIRECT_OBJC_ISA_USAGE = YES_ERROR;
				CLANG_WARN_DOCUMENTATION_COMMENTS = YES;
				CLANG_WARN_EMPTY_BODY = YES;
				CLANG_WARN_ENUM_CONVERSION = YES;
				CLANG_WARN_INFINITE_RECURSION = YES;
				CLANG_WARN_INT_CONVERSION = YES;
				CLANG_WARN_NON_LITERAL_NULL_CONVERSION = YES;
				CLANG_WARN_OBJC_IMPLICIT_RETAIN_SELF = YES;
				CLANG_WARN_OBJC_LITERAL_CONVERSION = YES;
				CLANG_WARN_OBJC_ROOT_CLASS = YES_ERROR;
				CLANG_WARN_QUOTED_INCLUDE_IN_FRAMEWORK_HEADER = YES;
				CLANG_WARN_RANGE_LOOP_ANALYSIS = YES;
				CLANG_WARN_STRICT_PROTOTYPES = YES;
				CLANG_WARN_SUSPICIOUS_MOVE = YES;
				CLANG_WARN_UNGUARDED_AVAILABILITY = YES_AGGRESSIVE;
				CLANG_WARN_UNREACHABLE_CODE = YES;
				CLANG_WARN__DUPLICATE_METHOD_MATCH = YES;
				COPY_PHASE_STRIP = NO;
				DEBUG_INFORMATION_FORMAT = dwarf;
				ENABLE_STRICT_OBJC_MSGSEND = YES;
				ENABLE_TESTABILITY = YES;
				GCC_C_LANGUAGE_STANDARD = gnu11;
				GCC_DYNAMIC_NO_PIC = NO;
				GCC_NO_COMMON_BLOCKS = YES;
				GCC_OPTIMIZATION_LEVEL = 0;
				GCC_PREPROCESSOR_DEFINITIONS = (
					"DEBUG=1",
					"$(inherited)",
				);
				GCC_WARN_64_TO_32_BIT_CONVERSION = YES;
				GCC_WARN_ABOUT_RETURN_TYPE = YES_ERROR;
				GCC_WARN_UNDECLARED_SELECTOR = YES;
				GCC_WARN_UNINITIALIZED_AUTOS = YES_AGGRESSIVE;
				GCC_WARN_UNUSED_FUNCTION = YES;
				GCC_WARN_UNUSED_VARIABLE = YES;
				IPHONEOS_DEPLOYMENT_TARGET = 13.0;
				MTL_ENABLE_DEBUG_INFO = INCLUDE_SOURCE;
				MTL_FAST_MATH = YES;
				ONLY_ACTIVE_ARCH = YES;
				SDKROOT = iphoneos;
				SWIFT_ACTIVE_COMPILATION_CONDITIONS = DEBUG;
				SWIFT_OPTIMIZATION_LEVEL = "-Onone";
			};
			name = Debug;
		};
		3A930EFE265C190C000FD3EB /* Release */ = {
			isa = XCBuildConfiguration;
			buildSettings = {
				ALWAYS_SEARCH_USER_PATHS = NO;
				CLANG_ANALYZER_NONNULL = YES;
				CLANG_ANALYZER_NUMBER_OBJECT_CONVERSION = YES_AGGRESSIVE;
				CLANG_CXX_LANGUAGE_STANDARD = "gnu++14";
				CLANG_CXX_LIBRARY = "libc++";
				CLANG_ENABLE_MODULES = YES;
				CLANG_ENABLE_OBJC_ARC = YES;
				CLANG_ENABLE_OBJC_WEAK = YES;
				CLANG_WARN_BLOCK_CAPTURE_AUTORELEASING = YES;
				CLANG_WARN_BOOL_CONVERSION = YES;
				CLANG_WARN_COMMA = YES;
				CLANG_WARN_CONSTANT_CONVERSION = YES;
				CLANG_WARN_DEPRECATED_OBJC_IMPLEMENTATIONS = YES;
				CLANG_WARN_DIRECT_OBJC_ISA_USAGE = YES_ERROR;
				CLANG_WARN_DOCUMENTATION_COMMENTS = YES;
				CLANG_WARN_EMPTY_BODY = YES;
				CLANG_WARN_ENUM_CONVERSION = YES;
				CLANG_WARN_INFINITE_RECURSION = YES;
				CLANG_WARN_INT_CONVERSION = YES;
				CLANG_WARN_NON_LITERAL_NULL_CONVERSION = YES;
				CLANG_WARN_OBJC_IMPLICIT_RETAIN_SELF = YES;
				CLANG_WARN_OBJC_LITERAL_CONVERSION = YES;
				CLANG_WARN_OBJC_ROOT_CLASS = YES_ERROR;
				CLANG_WARN_QUOTED_INCLUDE_IN_FRAMEWORK_HEADER = YES;
				CLANG_WARN_RANGE_LOOP_ANALYSIS = YES;
				CLANG_WARN_STRICT_PROTOTYPES = YES;
				CLANG_WARN_SUSPICIOUS_MOVE = YES;
				CLANG_WARN_UNGUARDED_AVAILABILITY = YES_AGGRESSIVE;
				CLANG_WARN_UNREACHABLE_CODE = YES;
				CLANG_WARN__DUPLICATE_METHOD_MATCH = YES;
				COPY_PHASE_STRIP = NO;
				DEBUG_INFORMATION_FORMAT = "dwarf-with-dsym";
				ENABLE_NS_ASSERTIONS = NO;
				ENABLE_STRICT_OBJC_MSGSEND = YES;
				GCC_C_LANGUAGE_STANDARD = gnu11;
				GCC_NO_COMMON_BLOCKS = YES;
				GCC_WARN_64_TO_32_BIT_CONVERSION = YES;
				GCC_WARN_ABOUT_RETURN_TYPE = YES_ERROR;
				GCC_WARN_UNDECLARED_SELECTOR = YES;
				GCC_WARN_UNINITIALIZED_AUTOS = YES_AGGRESSIVE;
				GCC_WARN_UNUSED_FUNCTION = YES;
				GCC_WARN_UNUSED_VARIABLE = YES;
				IPHONEOS_DEPLOYMENT_TARGET = 13.0;
				MTL_ENABLE_DEBUG_INFO = NO;
				MTL_FAST_MATH = YES;
				SDKROOT = iphoneos;
				SWIFT_COMPILATION_MODE = wholemodule;
				SWIFT_OPTIMIZATION_LEVEL = "-O";
				VALIDATE_PRODUCT = YES;
			};
			name = Release;
		};
		3A930F00265C190C000FD3EB /* Debug */ = {
			isa = XCBuildConfiguration;
			baseConfigurationReference = 3AE9036D266A507A00574923 /* Config.xcconfig */;
			buildSettings = {
				ASSETCATALOG_COMPILER_APPICON_NAME = AppIcon;
				ASSETCATALOG_COMPILER_GLOBAL_ACCENT_COLOR_NAME = AccentColor;
				CODE_SIGN_IDENTITY = "iPhone Developer";
				CODE_SIGN_STYLE = Manual;
				DEVELOPMENT_TEAM = M32KF6X3YN;
				FRAMEWORK_SEARCH_PATHS = "$(PROJECT_DIR)/Gainy/ThirdParty";
				INFOPLIST_FILE = "Gainy/Supporting Files/Info.plist";
				IPHONEOS_DEPLOYMENT_TARGET = 13.0;
				LD_RUNPATH_SEARCH_PATHS = (
					"$(inherited)",
					"@executable_path/Frameworks",
				);
				MARKETING_VERSION = 0.1.2;
				PRODUCT_BUNDLE_IDENTIFIER = app.gainy.application.ios;
				PRODUCT_NAME = "$(TARGET_NAME)";
				PROVISIONING_PROFILE_SPECIFIER = "Dersim's iOS App development (Gainy app)";
				SWIFT_VERSION = 5.0;
				TARGETED_DEVICE_FAMILY = 1;
			};
			name = Debug;
		};
		3A930F01265C190C000FD3EB /* Release */ = {
			isa = XCBuildConfiguration;
			baseConfigurationReference = 3AE9036D266A507A00574923 /* Config.xcconfig */;
			buildSettings = {
				ASSETCATALOG_COMPILER_APPICON_NAME = AppIcon;
				ASSETCATALOG_COMPILER_GLOBAL_ACCENT_COLOR_NAME = AccentColor;
				CODE_SIGN_IDENTITY = "iPhone Developer";
				CODE_SIGN_STYLE = Manual;
				DEVELOPMENT_TEAM = M32KF6X3YN;
				FRAMEWORK_SEARCH_PATHS = "$(PROJECT_DIR)/Gainy/ThirdParty";
				INFOPLIST_FILE = "Gainy/Supporting Files/Info.plist";
				IPHONEOS_DEPLOYMENT_TARGET = 13.0;
				LD_RUNPATH_SEARCH_PATHS = (
					"$(inherited)",
					"@executable_path/Frameworks",
				);
				MARKETING_VERSION = 0.1.2;
				PRODUCT_BUNDLE_IDENTIFIER = app.gainy.application.ios;
				PRODUCT_NAME = "$(TARGET_NAME)";
				PROVISIONING_PROFILE_SPECIFIER = "Dersim's iOS App development (Gainy app)";
				SWIFT_VERSION = 5.0;
				TARGETED_DEVICE_FAMILY = 1;
			};
			name = Release;
		};
		3A930F03265C190C000FD3EB /* Debug */ = {
			isa = XCBuildConfiguration;
			buildSettings = {
				ALWAYS_EMBED_SWIFT_STANDARD_LIBRARIES = YES;
				BUNDLE_LOADER = "$(TEST_HOST)";
				CODE_SIGN_STYLE = Automatic;
				INFOPLIST_FILE = GainyTests/Info.plist;
				IPHONEOS_DEPLOYMENT_TARGET = 14.4;
				LD_RUNPATH_SEARCH_PATHS = (
					"$(inherited)",
					"@executable_path/Frameworks",
					"@loader_path/Frameworks",
				);
				PRODUCT_BUNDLE_IDENTIFIER = app.gainy.GainyTests;
				PRODUCT_NAME = "$(TARGET_NAME)";
				SWIFT_VERSION = 5.0;
				TARGETED_DEVICE_FAMILY = "1,2";
				TEST_HOST = "$(BUILT_PRODUCTS_DIR)/Gainy.app/Gainy";
			};
			name = Debug;
		};
		3A930F04265C190C000FD3EB /* Release */ = {
			isa = XCBuildConfiguration;
			buildSettings = {
				ALWAYS_EMBED_SWIFT_STANDARD_LIBRARIES = YES;
				BUNDLE_LOADER = "$(TEST_HOST)";
				CODE_SIGN_STYLE = Automatic;
				INFOPLIST_FILE = GainyTests/Info.plist;
				IPHONEOS_DEPLOYMENT_TARGET = 14.4;
				LD_RUNPATH_SEARCH_PATHS = (
					"$(inherited)",
					"@executable_path/Frameworks",
					"@loader_path/Frameworks",
				);
				PRODUCT_BUNDLE_IDENTIFIER = app.gainy.GainyTests;
				PRODUCT_NAME = "$(TARGET_NAME)";
				SWIFT_VERSION = 5.0;
				TARGETED_DEVICE_FAMILY = "1,2";
				TEST_HOST = "$(BUILT_PRODUCTS_DIR)/Gainy.app/Gainy";
			};
			name = Release;
		};
		3A930F06265C190C000FD3EB /* Debug */ = {
			isa = XCBuildConfiguration;
			buildSettings = {
				ALWAYS_EMBED_SWIFT_STANDARD_LIBRARIES = YES;
				CODE_SIGN_STYLE = Automatic;
				INFOPLIST_FILE = GainyUITests/Info.plist;
				LD_RUNPATH_SEARCH_PATHS = (
					"$(inherited)",
					"@executable_path/Frameworks",
					"@loader_path/Frameworks",
				);
				PRODUCT_BUNDLE_IDENTIFIER = app.gainy.GainyUITests;
				PRODUCT_NAME = "$(TARGET_NAME)";
				SWIFT_VERSION = 5.0;
				TARGETED_DEVICE_FAMILY = "1,2";
				TEST_TARGET_NAME = Gainy;
			};
			name = Debug;
		};
		3A930F07265C190C000FD3EB /* Release */ = {
			isa = XCBuildConfiguration;
			buildSettings = {
				ALWAYS_EMBED_SWIFT_STANDARD_LIBRARIES = YES;
				CODE_SIGN_STYLE = Automatic;
				INFOPLIST_FILE = GainyUITests/Info.plist;
				LD_RUNPATH_SEARCH_PATHS = (
					"$(inherited)",
					"@executable_path/Frameworks",
					"@loader_path/Frameworks",
				);
				PRODUCT_BUNDLE_IDENTIFIER = app.gainy.GainyUITests;
				PRODUCT_NAME = "$(TARGET_NAME)";
				SWIFT_VERSION = 5.0;
				TARGETED_DEVICE_FAMILY = "1,2";
				TEST_TARGET_NAME = Gainy;
			};
			name = Release;
		};
/* End XCBuildConfiguration section */

/* Begin XCConfigurationList section */
		3A930ED0265C1909000FD3EB /* Build configuration list for PBXProject "Gainy" */ = {
			isa = XCConfigurationList;
			buildConfigurations = (
				3A930EFD265C190C000FD3EB /* Debug */,
				3A930EFE265C190C000FD3EB /* Release */,
			);
			defaultConfigurationIsVisible = 0;
			defaultConfigurationName = Release;
		};
		3A930EFF265C190C000FD3EB /* Build configuration list for PBXNativeTarget "Gainy" */ = {
			isa = XCConfigurationList;
			buildConfigurations = (
				3A930F00265C190C000FD3EB /* Debug */,
				3A930F01265C190C000FD3EB /* Release */,
			);
			defaultConfigurationIsVisible = 0;
			defaultConfigurationName = Release;
		};
		3A930F02265C190C000FD3EB /* Build configuration list for PBXNativeTarget "GainyTests" */ = {
			isa = XCConfigurationList;
			buildConfigurations = (
				3A930F03265C190C000FD3EB /* Debug */,
				3A930F04265C190C000FD3EB /* Release */,
			);
			defaultConfigurationIsVisible = 0;
			defaultConfigurationName = Release;
		};
		3A930F05265C190C000FD3EB /* Build configuration list for PBXNativeTarget "GainyUITests" */ = {
			isa = XCConfigurationList;
			buildConfigurations = (
				3A930F06265C190C000FD3EB /* Debug */,
				3A930F07265C190C000FD3EB /* Release */,
			);
			defaultConfigurationIsVisible = 0;
			defaultConfigurationName = Release;
		};
/* End XCConfigurationList section */
	};
	rootObject = 3A930ECD265C1909000FD3EB /* Project object */;
}
