// !$*UTF8*$!
{
	archiveVersion = 1;
	classes = {
	};
	objectVersion = 54;
	objects = {

/* Begin PBXBuildFile section */
		3A930ED9265C1909000FD3EB /* AppDelegate.swift in Sources */ = {isa = PBXBuildFile; fileRef = 3A930ED8265C1909000FD3EB /* AppDelegate.swift */; };
		3A930EDB265C1909000FD3EB /* SceneDelegate.swift in Sources */ = {isa = PBXBuildFile; fileRef = 3A930EDA265C1909000FD3EB /* SceneDelegate.swift */; };
		3A930EDD265C1909000FD3EB /* ViewController.swift in Sources */ = {isa = PBXBuildFile; fileRef = 3A930EDC265C1909000FD3EB /* ViewController.swift */; };
		3A930EE0265C1909000FD3EB /* Main.storyboard in Resources */ = {isa = PBXBuildFile; fileRef = 3A930EDE265C1909000FD3EB /* Main.storyboard */; };
		3A930EE2265C190C000FD3EB /* Assets.xcassets in Resources */ = {isa = PBXBuildFile; fileRef = 3A930EE1265C190C000FD3EB /* Assets.xcassets */; };
		3A930EE5265C190C000FD3EB /* LaunchScreen.storyboard in Resources */ = {isa = PBXBuildFile; fileRef = 3A930EE3265C190C000FD3EB /* LaunchScreen.storyboard */; };
		3A930EF0265C190C000FD3EB /* GainyTests.swift in Sources */ = {isa = PBXBuildFile; fileRef = 3A930EEF265C190C000FD3EB /* GainyTests.swift */; };
		3A930EFB265C190C000FD3EB /* GainyUITests.swift in Sources */ = {isa = PBXBuildFile; fileRef = 3A930EFA265C190C000FD3EB /* GainyUITests.swift */; };
		3A930F24265CC5E0000FD3EB /* NetworkError.swift in Sources */ = {isa = PBXBuildFile; fileRef = 3A930F23265CC5E0000FD3EB /* NetworkError.swift */; };
		3A930F3A265D340F000FD3EB /* ApiRouter.swift in Sources */ = {isa = PBXBuildFile; fileRef = 3A930F39265D340F000FD3EB /* ApiRouter.swift */; };
		3A930F42265D3429000FD3EB /* NetworkRouter.swift in Sources */ = {isa = PBXBuildFile; fileRef = 3A930F41265D3429000FD3EB /* NetworkRouter.swift */; };
		3A930F48265D3454000FD3EB /* HttpMethod.swift in Sources */ = {isa = PBXBuildFile; fileRef = 3A930F47265D3454000FD3EB /* HttpMethod.swift */; };
		3A930F51265D3466000FD3EB /* HttpParameterEncoding.swift in Sources */ = {isa = PBXBuildFile; fileRef = 3A930F50265D3466000FD3EB /* HttpParameterEncoding.swift */; };
		3A930F59265D3472000FD3EB /* HttpParameters.swift in Sources */ = {isa = PBXBuildFile; fileRef = 3A930F58265D3472000FD3EB /* HttpParameters.swift */; };
		3A930F5E265D3479000FD3EB /* HttpRequest.swift in Sources */ = {isa = PBXBuildFile; fileRef = 3A930F5D265D3479000FD3EB /* HttpRequest.swift */; };
		3A930F63265D3485000FD3EB /* HttpResponseStatusCode.swift in Sources */ = {isa = PBXBuildFile; fileRef = 3A930F62265D3485000FD3EB /* HttpResponseStatusCode.swift */; };
		3A930F69265D352E000FD3EB /* ApiEndPoint.swift in Sources */ = {isa = PBXBuildFile; fileRef = 3A930F68265D352E000FD3EB /* ApiEndPoint.swift */; };
/* End PBXBuildFile section */

/* Begin PBXContainerItemProxy section */
		3A930EEC265C190C000FD3EB /* PBXContainerItemProxy */ = {
			isa = PBXContainerItemProxy;
			containerPortal = 3A930ECD265C1909000FD3EB /* Project object */;
			proxyType = 1;
			remoteGlobalIDString = 3A930ED4265C1909000FD3EB;
			remoteInfo = Gainy;
		};
		3A930EF7265C190C000FD3EB /* PBXContainerItemProxy */ = {
			isa = PBXContainerItemProxy;
			containerPortal = 3A930ECD265C1909000FD3EB /* Project object */;
			proxyType = 1;
			remoteGlobalIDString = 3A930ED4265C1909000FD3EB;
			remoteInfo = Gainy;
		};
/* End PBXContainerItemProxy section */

/* Begin PBXFileReference section */
		3A930ED5265C1909000FD3EB /* Gainy.app */ = {isa = PBXFileReference; explicitFileType = wrapper.application; includeInIndex = 0; path = Gainy.app; sourceTree = BUILT_PRODUCTS_DIR; };
		3A930ED8265C1909000FD3EB /* AppDelegate.swift */ = {isa = PBXFileReference; lastKnownFileType = sourcecode.swift; path = AppDelegate.swift; sourceTree = "<group>"; };
		3A930EDA265C1909000FD3EB /* SceneDelegate.swift */ = {isa = PBXFileReference; lastKnownFileType = sourcecode.swift; path = SceneDelegate.swift; sourceTree = "<group>"; };
		3A930EDC265C1909000FD3EB /* ViewController.swift */ = {isa = PBXFileReference; lastKnownFileType = sourcecode.swift; path = ViewController.swift; sourceTree = "<group>"; };
		3A930EDF265C1909000FD3EB /* Base */ = {isa = PBXFileReference; lastKnownFileType = file.storyboard; name = Base; path = Base.lproj/Main.storyboard; sourceTree = "<group>"; };
		3A930EE1265C190C000FD3EB /* Assets.xcassets */ = {isa = PBXFileReference; lastKnownFileType = folder.assetcatalog; path = Assets.xcassets; sourceTree = "<group>"; };
		3A930EE4265C190C000FD3EB /* Base */ = {isa = PBXFileReference; lastKnownFileType = file.storyboard; name = Base; path = Base.lproj/LaunchScreen.storyboard; sourceTree = "<group>"; };
		3A930EE6265C190C000FD3EB /* Info.plist */ = {isa = PBXFileReference; lastKnownFileType = text.plist.xml; path = Info.plist; sourceTree = "<group>"; };
		3A930EEB265C190C000FD3EB /* GainyTests.xctest */ = {isa = PBXFileReference; explicitFileType = wrapper.cfbundle; includeInIndex = 0; path = GainyTests.xctest; sourceTree = BUILT_PRODUCTS_DIR; };
		3A930EEF265C190C000FD3EB /* GainyTests.swift */ = {isa = PBXFileReference; lastKnownFileType = sourcecode.swift; path = GainyTests.swift; sourceTree = "<group>"; };
		3A930EF1265C190C000FD3EB /* Info.plist */ = {isa = PBXFileReference; lastKnownFileType = text.plist.xml; path = Info.plist; sourceTree = "<group>"; };
		3A930EF6265C190C000FD3EB /* GainyUITests.xctest */ = {isa = PBXFileReference; explicitFileType = wrapper.cfbundle; includeInIndex = 0; path = GainyUITests.xctest; sourceTree = BUILT_PRODUCTS_DIR; };
		3A930EFA265C190C000FD3EB /* GainyUITests.swift */ = {isa = PBXFileReference; lastKnownFileType = sourcecode.swift; path = GainyUITests.swift; sourceTree = "<group>"; };
		3A930EFC265C190C000FD3EB /* Info.plist */ = {isa = PBXFileReference; lastKnownFileType = text.plist.xml; path = Info.plist; sourceTree = "<group>"; };
		3A930F23265CC5E0000FD3EB /* NetworkError.swift */ = {isa = PBXFileReference; lastKnownFileType = sourcecode.swift; path = NetworkError.swift; sourceTree = "<group>"; };
		3A930F39265D340F000FD3EB /* ApiRouter.swift */ = {isa = PBXFileReference; lastKnownFileType = sourcecode.swift; path = ApiRouter.swift; sourceTree = "<group>"; };
		3A930F41265D3429000FD3EB /* NetworkRouter.swift */ = {isa = PBXFileReference; lastKnownFileType = sourcecode.swift; path = NetworkRouter.swift; sourceTree = "<group>"; };
		3A930F47265D3454000FD3EB /* HttpMethod.swift */ = {isa = PBXFileReference; lastKnownFileType = sourcecode.swift; path = HttpMethod.swift; sourceTree = "<group>"; };
		3A930F50265D3466000FD3EB /* HttpParameterEncoding.swift */ = {isa = PBXFileReference; lastKnownFileType = sourcecode.swift; path = HttpParameterEncoding.swift; sourceTree = "<group>"; };
		3A930F58265D3472000FD3EB /* HttpParameters.swift */ = {isa = PBXFileReference; lastKnownFileType = sourcecode.swift; path = HttpParameters.swift; sourceTree = "<group>"; };
		3A930F5D265D3479000FD3EB /* HttpRequest.swift */ = {isa = PBXFileReference; lastKnownFileType = sourcecode.swift; path = HttpRequest.swift; sourceTree = "<group>"; };
		3A930F62265D3485000FD3EB /* HttpResponseStatusCode.swift */ = {isa = PBXFileReference; lastKnownFileType = sourcecode.swift; path = HttpResponseStatusCode.swift; sourceTree = "<group>"; };
		3A930F68265D352E000FD3EB /* ApiEndPoint.swift */ = {isa = PBXFileReference; lastKnownFileType = sourcecode.swift; path = ApiEndPoint.swift; sourceTree = "<group>"; };
/* End PBXFileReference section */

/* Begin PBXFrameworksBuildPhase section */
		3A930ED2265C1909000FD3EB /* Frameworks */ = {
			isa = PBXFrameworksBuildPhase;
			buildActionMask = 2147483647;
			files = (
			);
			runOnlyForDeploymentPostprocessing = 0;
		};
		3A930EE8265C190C000FD3EB /* Frameworks */ = {
			isa = PBXFrameworksBuildPhase;
			buildActionMask = 2147483647;
			files = (
			);
			runOnlyForDeploymentPostprocessing = 0;
		};
		3A930EF3265C190C000FD3EB /* Frameworks */ = {
			isa = PBXFrameworksBuildPhase;
			buildActionMask = 2147483647;
			files = (
			);
			runOnlyForDeploymentPostprocessing = 0;
		};
/* End PBXFrameworksBuildPhase section */

/* Begin PBXGroup section */
		3A930ECC265C1909000FD3EB = {
			isa = PBXGroup;
			children = (
				3A930ED7265C1909000FD3EB /* Gainy */,
				3A930EEE265C190C000FD3EB /* GainyTests */,
				3A930EF9265C190C000FD3EB /* GainyUITests */,
				3A930ED6265C1909000FD3EB /* Products */,
			);
			sourceTree = "<group>";
		};
		3A930ED6265C1909000FD3EB /* Products */ = {
			isa = PBXGroup;
			children = (
				3A930ED5265C1909000FD3EB /* Gainy.app */,
				3A930EEB265C190C000FD3EB /* GainyTests.xctest */,
				3A930EF6265C190C000FD3EB /* GainyUITests.xctest */,
			);
			name = Products;
			sourceTree = "<group>";
		};
		3A930ED7265C1909000FD3EB /* Gainy */ = {
			isa = PBXGroup;
			children = (
				3A930F17265C1B8D000FD3EB /* AppCore */,
				3A930F21265C1C6B000FD3EB /* Services */,
				3A930F1C265C1BA2000FD3EB /* View */,
				3A930F1F265C1BD0000FD3EB /* Controllers */,
				3A930F1B265C1B96000FD3EB /* Resources */,
				3A930F1E265C1BBF000FD3EB /* Supporting Files */,
			);
			path = Gainy;
			sourceTree = "<group>";
		};
		3A930EEE265C190C000FD3EB /* GainyTests */ = {
			isa = PBXGroup;
			children = (
				3A930EEF265C190C000FD3EB /* GainyTests.swift */,
				3A930EF1265C190C000FD3EB /* Info.plist */,
			);
			path = GainyTests;
			sourceTree = "<group>";
		};
		3A930EF9265C190C000FD3EB /* GainyUITests */ = {
			isa = PBXGroup;
			children = (
				3A930EFA265C190C000FD3EB /* GainyUITests.swift */,
				3A930EFC265C190C000FD3EB /* Info.plist */,
			);
			path = GainyUITests;
			sourceTree = "<group>";
		};
		3A930F17265C1B8D000FD3EB /* AppCore */ = {
			isa = PBXGroup;
			children = (
				3A930ED8265C1909000FD3EB /* AppDelegate.swift */,
				3A930EDA265C1909000FD3EB /* SceneDelegate.swift */,
			);
			path = AppCore;
			sourceTree = "<group>";
		};
		3A930F1B265C1B96000FD3EB /* Resources */ = {
			isa = PBXGroup;
			children = (
				3A930EE1265C190C000FD3EB /* Assets.xcassets */,
			);
			path = Resources;
			sourceTree = "<group>";
		};
		3A930F1C265C1BA2000FD3EB /* View */ = {
			isa = PBXGroup;
			children = (
				3A930F1D265C1BA9000FD3EB /* Storyboards */,
			);
			path = View;
			sourceTree = "<group>";
		};
		3A930F1D265C1BA9000FD3EB /* Storyboards */ = {
			isa = PBXGroup;
			children = (
				3A930EDE265C1909000FD3EB /* Main.storyboard */,
				3A930EE3265C190C000FD3EB /* LaunchScreen.storyboard */,
			);
			path = Storyboards;
			sourceTree = "<group>";
		};
		3A930F1E265C1BBF000FD3EB /* Supporting Files */ = {
			isa = PBXGroup;
			children = (
				3A930EE6265C190C000FD3EB /* Info.plist */,
			);
			path = "Supporting Files";
			sourceTree = "<group>";
		};
		3A930F1F265C1BD0000FD3EB /* Controllers */ = {
			isa = PBXGroup;
			children = (
				3A930EDC265C1909000FD3EB /* ViewController.swift */,
			);
			path = Controllers;
			sourceTree = "<group>";
		};
		3A930F21265C1C6B000FD3EB /* Services */ = {
			isa = PBXGroup;
			children = (
				3A930F22265C1C78000FD3EB /* Network */,
			);
			path = Services;
			sourceTree = "<group>";
		};
		3A930F22265C1C78000FD3EB /* Network */ = {
			isa = PBXGroup;
			children = (
				3A930F23265CC5E0000FD3EB /* NetworkError.swift */,
				3A930F67265D3518000FD3EB /* EndPoint */,
				3A930F38265D3401000FD3EB /* Router */,
				3A930F46265D3447000FD3EB /* Http */,
			);
			path = Network;
			sourceTree = "<group>";
		};
		3A930F38265D3401000FD3EB /* Router */ = {
			isa = PBXGroup;
			children = (
				3A930F39265D340F000FD3EB /* ApiRouter.swift */,
				3A930F41265D3429000FD3EB /* NetworkRouter.swift */,
			);
			path = Router;
			sourceTree = "<group>";
		};
		3A930F46265D3447000FD3EB /* Http */ = {
			isa = PBXGroup;
			children = (
				3A930F47265D3454000FD3EB /* HttpMethod.swift */,
				3A930F50265D3466000FD3EB /* HttpParameterEncoding.swift */,
				3A930F58265D3472000FD3EB /* HttpParameters.swift */,
				3A930F5D265D3479000FD3EB /* HttpRequest.swift */,
				3A930F62265D3485000FD3EB /* HttpResponseStatusCode.swift */,
			);
			path = Http;
			sourceTree = "<group>";
		};
		3A930F67265D3518000FD3EB /* EndPoint */ = {
			isa = PBXGroup;
			children = (
				3A930F68265D352E000FD3EB /* ApiEndPoint.swift */,
			);
			path = EndPoint;
			sourceTree = "<group>";
		};
/* End PBXGroup section */

/* Begin PBXNativeTarget section */
		3A930ED4265C1909000FD3EB /* Gainy */ = {
			isa = PBXNativeTarget;
			buildConfigurationList = 3A930EFF265C190C000FD3EB /* Build configuration list for PBXNativeTarget "Gainy" */;
			buildPhases = (
				3A930ED1265C1909000FD3EB /* Sources */,
				3A930ED2265C1909000FD3EB /* Frameworks */,
				3A930ED3265C1909000FD3EB /* Resources */,
				3A930F2E265CC679000FD3EB /* SwiftLint */,
			);
			buildRules = (
			);
			dependencies = (
			);
			name = Gainy;
			productName = Gainy;
			productReference = 3A930ED5265C1909000FD3EB /* Gainy.app */;
			productType = "com.apple.product-type.application";
		};
		3A930EEA265C190C000FD3EB /* GainyTests */ = {
			isa = PBXNativeTarget;
			buildConfigurationList = 3A930F02265C190C000FD3EB /* Build configuration list for PBXNativeTarget "GainyTests" */;
			buildPhases = (
				3A930EE7265C190C000FD3EB /* Sources */,
				3A930EE8265C190C000FD3EB /* Frameworks */,
				3A930EE9265C190C000FD3EB /* Resources */,
			);
			buildRules = (
			);
			dependencies = (
				3A930EED265C190C000FD3EB /* PBXTargetDependency */,
			);
			name = GainyTests;
			productName = GainyTests;
			productReference = 3A930EEB265C190C000FD3EB /* GainyTests.xctest */;
			productType = "com.apple.product-type.bundle.unit-test";
		};
		3A930EF5265C190C000FD3EB /* GainyUITests */ = {
			isa = PBXNativeTarget;
			buildConfigurationList = 3A930F05265C190C000FD3EB /* Build configuration list for PBXNativeTarget "GainyUITests" */;
			buildPhases = (
				3A930EF2265C190C000FD3EB /* Sources */,
				3A930EF3265C190C000FD3EB /* Frameworks */,
				3A930EF4265C190C000FD3EB /* Resources */,
			);
			buildRules = (
			);
			dependencies = (
				3A930EF8265C190C000FD3EB /* PBXTargetDependency */,
			);
			name = GainyUITests;
			productName = GainyUITests;
			productReference = 3A930EF6265C190C000FD3EB /* GainyUITests.xctest */;
			productType = "com.apple.product-type.bundle.ui-testing";
		};
/* End PBXNativeTarget section */

/* Begin PBXProject section */
		3A930ECD265C1909000FD3EB /* Project object */ = {
			isa = PBXProject;
			attributes = {
				LastSwiftUpdateCheck = 1240;
				LastUpgradeCheck = 1240;
				TargetAttributes = {
					3A930ED4265C1909000FD3EB = {
						CreatedOnToolsVersion = 12.4;
					};
					3A930EEA265C190C000FD3EB = {
						CreatedOnToolsVersion = 12.4;
						TestTargetID = 3A930ED4265C1909000FD3EB;
					};
					3A930EF5265C190C000FD3EB = {
						CreatedOnToolsVersion = 12.4;
						TestTargetID = 3A930ED4265C1909000FD3EB;
					};
				};
			};
			buildConfigurationList = 3A930ED0265C1909000FD3EB /* Build configuration list for PBXProject "Gainy" */;
			compatibilityVersion = "Xcode 12.0";
			developmentRegion = en;
			hasScannedForEncodings = 0;
			knownRegions = (
				en,
				Base,
			);
			mainGroup = 3A930ECC265C1909000FD3EB;
			productRefGroup = 3A930ED6265C1909000FD3EB /* Products */;
			projectDirPath = "";
			projectRoot = "";
			targets = (
				3A930ED4265C1909000FD3EB /* Gainy */,
				3A930EEA265C190C000FD3EB /* GainyTests */,
				3A930EF5265C190C000FD3EB /* GainyUITests */,
			);
		};
/* End PBXProject section */

/* Begin PBXResourcesBuildPhase section */
		3A930ED3265C1909000FD3EB /* Resources */ = {
			isa = PBXResourcesBuildPhase;
			buildActionMask = 2147483647;
			files = (
				3A930EE5265C190C000FD3EB /* LaunchScreen.storyboard in Resources */,
				3A930EE2265C190C000FD3EB /* Assets.xcassets in Resources */,
				3A930EE0265C1909000FD3EB /* Main.storyboard in Resources */,
			);
			runOnlyForDeploymentPostprocessing = 0;
		};
		3A930EE9265C190C000FD3EB /* Resources */ = {
			isa = PBXResourcesBuildPhase;
			buildActionMask = 2147483647;
			files = (
			);
			runOnlyForDeploymentPostprocessing = 0;
		};
		3A930EF4265C190C000FD3EB /* Resources */ = {
			isa = PBXResourcesBuildPhase;
			buildActionMask = 2147483647;
			files = (
			);
			runOnlyForDeploymentPostprocessing = 0;
		};
/* End PBXResourcesBuildPhase section */

/* Begin PBXShellScriptBuildPhase section */
		3A930F2E265CC679000FD3EB /* SwiftLint */ = {
			isa = PBXShellScriptBuildPhase;
			buildActionMask = 2147483647;
			files = (
			);
			inputFileListPaths = (
			);
			inputPaths = (
			);
			name = SwiftLint;
			outputFileListPaths = (
			);
			outputPaths = (
			);
			runOnlyForDeploymentPostprocessing = 0;
			shellPath = /bin/sh;
			shellScript = "if which swiftlint >/dev/null; then\n  swiftlint --config \"${SRCROOT}/../.swiftlint.yml\"\nelse\n  echo \"WARNING: SwiftLint not installed, use brew to install it.\"\nfi\n";
		};
/* End PBXShellScriptBuildPhase section */

/* Begin PBXSourcesBuildPhase section */
		3A930ED1265C1909000FD3EB /* Sources */ = {
			isa = PBXSourcesBuildPhase;
			buildActionMask = 2147483647;
			files = (
				3A930EDD265C1909000FD3EB /* ViewController.swift in Sources */,
				3A930F5E265D3479000FD3EB /* HttpRequest.swift in Sources */,
				3A930F24265CC5E0000FD3EB /* NetworkError.swift in Sources */,
				3A930F59265D3472000FD3EB /* HttpParameters.swift in Sources */,
				3A930F3A265D340F000FD3EB /* ApiRouter.swift in Sources */,
				3A930F63265D3485000FD3EB /* HttpResponseStatusCode.swift in Sources */,
				3A930F48265D3454000FD3EB /* HttpMethod.swift in Sources */,
				3A930ED9265C1909000FD3EB /* AppDelegate.swift in Sources */,
				3A930F51265D3466000FD3EB /* HttpParameterEncoding.swift in Sources */,
				3A930EDB265C1909000FD3EB /* SceneDelegate.swift in Sources */,
				3A930F42265D3429000FD3EB /* NetworkRouter.swift in Sources */,
				3A930F69265D352E000FD3EB /* ApiEndPoint.swift in Sources */,
			);
			runOnlyForDeploymentPostprocessing = 0;
		};
		3A930EE7265C190C000FD3EB /* Sources */ = {
			isa = PBXSourcesBuildPhase;
			buildActionMask = 2147483647;
			files = (
				3A930EF0265C190C000FD3EB /* GainyTests.swift in Sources */,
			);
			runOnlyForDeploymentPostprocessing = 0;
		};
		3A930EF2265C190C000FD3EB /* Sources */ = {
			isa = PBXSourcesBuildPhase;
			buildActionMask = 2147483647;
			files = (
				3A930EFB265C190C000FD3EB /* GainyUITests.swift in Sources */,
			);
			runOnlyForDeploymentPostprocessing = 0;
		};
/* End PBXSourcesBuildPhase section */

/* Begin PBXTargetDependency section */
		3A930EED265C190C000FD3EB /* PBXTargetDependency */ = {
			isa = PBXTargetDependency;
			target = 3A930ED4265C1909000FD3EB /* Gainy */;
			targetProxy = 3A930EEC265C190C000FD3EB /* PBXContainerItemProxy */;
		};
		3A930EF8265C190C000FD3EB /* PBXTargetDependency */ = {
			isa = PBXTargetDependency;
			target = 3A930ED4265C1909000FD3EB /* Gainy */;
			targetProxy = 3A930EF7265C190C000FD3EB /* PBXContainerItemProxy */;
		};
/* End PBXTargetDependency section */

/* Begin PBXVariantGroup section */
		3A930EDE265C1909000FD3EB /* Main.storyboard */ = {
			isa = PBXVariantGroup;
			children = (
				3A930EDF265C1909000FD3EB /* Base */,
			);
			name = Main.storyboard;
			sourceTree = "<group>";
		};
		3A930EE3265C190C000FD3EB /* LaunchScreen.storyboard */ = {
			isa = PBXVariantGroup;
			children = (
				3A930EE4265C190C000FD3EB /* Base */,
			);
			name = LaunchScreen.storyboard;
			sourceTree = "<group>";
		};
/* End PBXVariantGroup section */

/* Begin XCBuildConfiguration section */
		3A930EFD265C190C000FD3EB /* Debug */ = {
			isa = XCBuildConfiguration;
			buildSettings = {
				ALWAYS_SEARCH_USER_PATHS = NO;
				CLANG_ANALYZER_NONNULL = YES;
				CLANG_ANALYZER_NUMBER_OBJECT_CONVERSION = YES_AGGRESSIVE;
				CLANG_CXX_LANGUAGE_STANDARD = "gnu++14";
				CLANG_CXX_LIBRARY = "libc++";
				CLANG_ENABLE_MODULES = YES;
				CLANG_ENABLE_OBJC_ARC = YES;
				CLANG_ENABLE_OBJC_WEAK = YES;
				CLANG_WARN_BLOCK_CAPTURE_AUTORELEASING = YES;
				CLANG_WARN_BOOL_CONVERSION = YES;
				CLANG_WARN_COMMA = YES;
				CLANG_WARN_CONSTANT_CONVERSION = YES;
				CLANG_WARN_DEPRECATED_OBJC_IMPLEMENTATIONS = YES;
				CLANG_WARN_DIRECT_OBJC_ISA_USAGE = YES_ERROR;
				CLANG_WARN_DOCUMENTATION_COMMENTS = YES;
				CLANG_WARN_EMPTY_BODY = YES;
				CLANG_WARN_ENUM_CONVERSION = YES;
				CLANG_WARN_INFINITE_RECURSION = YES;
				CLANG_WARN_INT_CONVERSION = YES;
				CLANG_WARN_NON_LITERAL_NULL_CONVERSION = YES;
				CLANG_WARN_OBJC_IMPLICIT_RETAIN_SELF = YES;
				CLANG_WARN_OBJC_LITERAL_CONVERSION = YES;
				CLANG_WARN_OBJC_ROOT_CLASS = YES_ERROR;
				CLANG_WARN_QUOTED_INCLUDE_IN_FRAMEWORK_HEADER = YES;
				CLANG_WARN_RANGE_LOOP_ANALYSIS = YES;
				CLANG_WARN_STRICT_PROTOTYPES = YES;
				CLANG_WARN_SUSPICIOUS_MOVE = YES;
				CLANG_WARN_UNGUARDED_AVAILABILITY = YES_AGGRESSIVE;
				CLANG_WARN_UNREACHABLE_CODE = YES;
				CLANG_WARN__DUPLICATE_METHOD_MATCH = YES;
				COPY_PHASE_STRIP = NO;
				DEBUG_INFORMATION_FORMAT = dwarf;
				ENABLE_STRICT_OBJC_MSGSEND = YES;
				ENABLE_TESTABILITY = YES;
				GCC_C_LANGUAGE_STANDARD = gnu11;
				GCC_DYNAMIC_NO_PIC = NO;
				GCC_NO_COMMON_BLOCKS = YES;
				GCC_OPTIMIZATION_LEVEL = 0;
				GCC_PREPROCESSOR_DEFINITIONS = (
					"DEBUG=1",
					"$(inherited)",
				);
				GCC_WARN_64_TO_32_BIT_CONVERSION = YES;
				GCC_WARN_ABOUT_RETURN_TYPE = YES_ERROR;
				GCC_WARN_UNDECLARED_SELECTOR = YES;
				GCC_WARN_UNINITIALIZED_AUTOS = YES_AGGRESSIVE;
				GCC_WARN_UNUSED_FUNCTION = YES;
				GCC_WARN_UNUSED_VARIABLE = YES;
				IPHONEOS_DEPLOYMENT_TARGET = 13.0;
				MTL_ENABLE_DEBUG_INFO = INCLUDE_SOURCE;
				MTL_FAST_MATH = YES;
				ONLY_ACTIVE_ARCH = YES;
				SDKROOT = iphoneos;
				SWIFT_ACTIVE_COMPILATION_CONDITIONS = DEBUG;
				SWIFT_OPTIMIZATION_LEVEL = "-Onone";
			};
			name = Debug;
		};
		3A930EFE265C190C000FD3EB /* Release */ = {
			isa = XCBuildConfiguration;
			buildSettings = {
				ALWAYS_SEARCH_USER_PATHS = NO;
				CLANG_ANALYZER_NONNULL = YES;
				CLANG_ANALYZER_NUMBER_OBJECT_CONVERSION = YES_AGGRESSIVE;
				CLANG_CXX_LANGUAGE_STANDARD = "gnu++14";
				CLANG_CXX_LIBRARY = "libc++";
				CLANG_ENABLE_MODULES = YES;
				CLANG_ENABLE_OBJC_ARC = YES;
				CLANG_ENABLE_OBJC_WEAK = YES;
				CLANG_WARN_BLOCK_CAPTURE_AUTORELEASING = YES;
				CLANG_WARN_BOOL_CONVERSION = YES;
				CLANG_WARN_COMMA = YES;
				CLANG_WARN_CONSTANT_CONVERSION = YES;
				CLANG_WARN_DEPRECATED_OBJC_IMPLEMENTATIONS = YES;
				CLANG_WARN_DIRECT_OBJC_ISA_USAGE = YES_ERROR;
				CLANG_WARN_DOCUMENTATION_COMMENTS = YES;
				CLANG_WARN_EMPTY_BODY = YES;
				CLANG_WARN_ENUM_CONVERSION = YES;
				CLANG_WARN_INFINITE_RECURSION = YES;
				CLANG_WARN_INT_CONVERSION = YES;
				CLANG_WARN_NON_LITERAL_NULL_CONVERSION = YES;
				CLANG_WARN_OBJC_IMPLICIT_RETAIN_SELF = YES;
				CLANG_WARN_OBJC_LITERAL_CONVERSION = YES;
				CLANG_WARN_OBJC_ROOT_CLASS = YES_ERROR;
				CLANG_WARN_QUOTED_INCLUDE_IN_FRAMEWORK_HEADER = YES;
				CLANG_WARN_RANGE_LOOP_ANALYSIS = YES;
				CLANG_WARN_STRICT_PROTOTYPES = YES;
				CLANG_WARN_SUSPICIOUS_MOVE = YES;
				CLANG_WARN_UNGUARDED_AVAILABILITY = YES_AGGRESSIVE;
				CLANG_WARN_UNREACHABLE_CODE = YES;
				CLANG_WARN__DUPLICATE_METHOD_MATCH = YES;
				COPY_PHASE_STRIP = NO;
				DEBUG_INFORMATION_FORMAT = "dwarf-with-dsym";
				ENABLE_NS_ASSERTIONS = NO;
				ENABLE_STRICT_OBJC_MSGSEND = YES;
				GCC_C_LANGUAGE_STANDARD = gnu11;
				GCC_NO_COMMON_BLOCKS = YES;
				GCC_WARN_64_TO_32_BIT_CONVERSION = YES;
				GCC_WARN_ABOUT_RETURN_TYPE = YES_ERROR;
				GCC_WARN_UNDECLARED_SELECTOR = YES;
				GCC_WARN_UNINITIALIZED_AUTOS = YES_AGGRESSIVE;
				GCC_WARN_UNUSED_FUNCTION = YES;
				GCC_WARN_UNUSED_VARIABLE = YES;
				IPHONEOS_DEPLOYMENT_TARGET = 13.0;
				MTL_ENABLE_DEBUG_INFO = NO;
				MTL_FAST_MATH = YES;
				SDKROOT = iphoneos;
				SWIFT_COMPILATION_MODE = wholemodule;
				SWIFT_OPTIMIZATION_LEVEL = "-O";
				VALIDATE_PRODUCT = YES;
			};
			name = Release;
		};
		3A930F00265C190C000FD3EB /* Debug */ = {
			isa = XCBuildConfiguration;
			buildSettings = {
				ASSETCATALOG_COMPILER_APPICON_NAME = AppIcon;
				ASSETCATALOG_COMPILER_GLOBAL_ACCENT_COLOR_NAME = AccentColor;
				CODE_SIGN_STYLE = Automatic;
				INFOPLIST_FILE = "Gainy/Supporting Files/Info.plist";
				IPHONEOS_DEPLOYMENT_TARGET = 13.0;
				LD_RUNPATH_SEARCH_PATHS = (
					"$(inherited)",
					"@executable_path/Frameworks",
				);
				MARKETING_VERSION = 0.1.0;
				PRODUCT_BUNDLE_IDENTIFIER = app.gainy.Gainy;
				PRODUCT_NAME = "$(TARGET_NAME)";
				SWIFT_VERSION = 5.0;
				TARGETED_DEVICE_FAMILY = 1;
			};
			name = Debug;
		};
		3A930F01265C190C000FD3EB /* Release */ = {
			isa = XCBuildConfiguration;
			buildSettings = {
				ASSETCATALOG_COMPILER_APPICON_NAME = AppIcon;
				ASSETCATALOG_COMPILER_GLOBAL_ACCENT_COLOR_NAME = AccentColor;
				CODE_SIGN_STYLE = Automatic;
				INFOPLIST_FILE = "Gainy/Supporting Files/Info.plist";
				IPHONEOS_DEPLOYMENT_TARGET = 13.0;
				LD_RUNPATH_SEARCH_PATHS = (
					"$(inherited)",
					"@executable_path/Frameworks",
				);
				MARKETING_VERSION = 0.1.0;
				PRODUCT_BUNDLE_IDENTIFIER = app.gainy.Gainy;
				PRODUCT_NAME = "$(TARGET_NAME)";
				SWIFT_VERSION = 5.0;
				TARGETED_DEVICE_FAMILY = 1;
			};
			name = Release;
		};
		3A930F03265C190C000FD3EB /* Debug */ = {
			isa = XCBuildConfiguration;
			buildSettings = {
				ALWAYS_EMBED_SWIFT_STANDARD_LIBRARIES = YES;
				BUNDLE_LOADER = "$(TEST_HOST)";
				CODE_SIGN_STYLE = Automatic;
				INFOPLIST_FILE = GainyTests/Info.plist;
				IPHONEOS_DEPLOYMENT_TARGET = 14.4;
				LD_RUNPATH_SEARCH_PATHS = (
					"$(inherited)",
					"@executable_path/Frameworks",
					"@loader_path/Frameworks",
				);
				PRODUCT_BUNDLE_IDENTIFIER = app.gainy.GainyTests;
				PRODUCT_NAME = "$(TARGET_NAME)";
				SWIFT_VERSION = 5.0;
				TARGETED_DEVICE_FAMILY = "1,2";
				TEST_HOST = "$(BUILT_PRODUCTS_DIR)/Gainy.app/Gainy";
			};
			name = Debug;
		};
		3A930F04265C190C000FD3EB /* Release */ = {
			isa = XCBuildConfiguration;
			buildSettings = {
				ALWAYS_EMBED_SWIFT_STANDARD_LIBRARIES = YES;
				BUNDLE_LOADER = "$(TEST_HOST)";
				CODE_SIGN_STYLE = Automatic;
				INFOPLIST_FILE = GainyTests/Info.plist;
				IPHONEOS_DEPLOYMENT_TARGET = 14.4;
				LD_RUNPATH_SEARCH_PATHS = (
					"$(inherited)",
					"@executable_path/Frameworks",
					"@loader_path/Frameworks",
				);
				PRODUCT_BUNDLE_IDENTIFIER = app.gainy.GainyTests;
				PRODUCT_NAME = "$(TARGET_NAME)";
				SWIFT_VERSION = 5.0;
				TARGETED_DEVICE_FAMILY = "1,2";
				TEST_HOST = "$(BUILT_PRODUCTS_DIR)/Gainy.app/Gainy";
			};
			name = Release;
		};
		3A930F06265C190C000FD3EB /* Debug */ = {
			isa = XCBuildConfiguration;
			buildSettings = {
				ALWAYS_EMBED_SWIFT_STANDARD_LIBRARIES = YES;
				CODE_SIGN_STYLE = Automatic;
				INFOPLIST_FILE = GainyUITests/Info.plist;
				LD_RUNPATH_SEARCH_PATHS = (
					"$(inherited)",
					"@executable_path/Frameworks",
					"@loader_path/Frameworks",
				);
				PRODUCT_BUNDLE_IDENTIFIER = app.gainy.GainyUITests;
				PRODUCT_NAME = "$(TARGET_NAME)";
				SWIFT_VERSION = 5.0;
				TARGETED_DEVICE_FAMILY = "1,2";
				TEST_TARGET_NAME = Gainy;
			};
			name = Debug;
		};
		3A930F07265C190C000FD3EB /* Release */ = {
			isa = XCBuildConfiguration;
			buildSettings = {
				ALWAYS_EMBED_SWIFT_STANDARD_LIBRARIES = YES;
				CODE_SIGN_STYLE = Automatic;
				INFOPLIST_FILE = GainyUITests/Info.plist;
				LD_RUNPATH_SEARCH_PATHS = (
					"$(inherited)",
					"@executable_path/Frameworks",
					"@loader_path/Frameworks",
				);
				PRODUCT_BUNDLE_IDENTIFIER = app.gainy.GainyUITests;
				PRODUCT_NAME = "$(TARGET_NAME)";
				SWIFT_VERSION = 5.0;
				TARGETED_DEVICE_FAMILY = "1,2";
				TEST_TARGET_NAME = Gainy;
			};
			name = Release;
		};
/* End XCBuildConfiguration section */

/* Begin XCConfigurationList section */
		3A930ED0265C1909000FD3EB /* Build configuration list for PBXProject "Gainy" */ = {
			isa = XCConfigurationList;
			buildConfigurations = (
				3A930EFD265C190C000FD3EB /* Debug */,
				3A930EFE265C190C000FD3EB /* Release */,
			);
			defaultConfigurationIsVisible = 0;
			defaultConfigurationName = Release;
		};
		3A930EFF265C190C000FD3EB /* Build configuration list for PBXNativeTarget "Gainy" */ = {
			isa = XCConfigurationList;
			buildConfigurations = (
				3A930F00265C190C000FD3EB /* Debug */,
				3A930F01265C190C000FD3EB /* Release */,
			);
			defaultConfigurationIsVisible = 0;
			defaultConfigurationName = Release;
		};
		3A930F02265C190C000FD3EB /* Build configuration list for PBXNativeTarget "GainyTests" */ = {
			isa = XCConfigurationList;
			buildConfigurations = (
				3A930F03265C190C000FD3EB /* Debug */,
				3A930F04265C190C000FD3EB /* Release */,
			);
			defaultConfigurationIsVisible = 0;
			defaultConfigurationName = Release;
		};
		3A930F05265C190C000FD3EB /* Build configuration list for PBXNativeTarget "GainyUITests" */ = {
			isa = XCConfigurationList;
			buildConfigurations = (
				3A930F06265C190C000FD3EB /* Debug */,
				3A930F07265C190C000FD3EB /* Release */,
			);
			defaultConfigurationIsVisible = 0;
			defaultConfigurationName = Release;
		};
/* End XCConfigurationList section */
	};
	rootObject = 3A930ECD265C1909000FD3EB /* Project object */;
}
